// !$*UTF8*$!
{
	archiveVersion = 1;
	classes = {
	};
	objectVersion = 46;
	objects = {

/* Begin PBXBuildFile section */
		B43F3F961BB10E180036ECF6 /* Main.storyboard in Resources */ = {isa = PBXBuildFile; fileRef = B43F3F941BB10E180036ECF6 /* Main.storyboard */; };
		B43F3F981BB10E180036ECF6 /* Images.xcassets in Resources */ = {isa = PBXBuildFile; fileRef = B43F3F971BB10E180036ECF6 /* Images.xcassets */; };
		B43F3FA71BB10E180036ECF6 /* MaxLeapGitTests.m in Sources */ = {isa = PBXBuildFile; fileRef = B43F3FA61BB10E180036ECF6 /* MaxLeapGitTests.m */; };
		B43F3FBC1BB10F6A0036ECF6 /* AppDelegate.m in Sources */ = {isa = PBXBuildFile; fileRef = B43F3FBB1BB10F6A0036ECF6 /* AppDelegate.m */; };
		B43F3FBF1BB125D80036ECF6 /* ViewController.m in Sources */ = {isa = PBXBuildFile; fileRef = B43F3FBE1BB125D80036ECF6 /* ViewController.m */; };
		B43F3FC11BB126450036ECF6 /* main.m in Sources */ = {isa = PBXBuildFile; fileRef = B43F3FC01BB126450036ECF6 /* main.m */; };
		B43F3FC61BB12BCB0036ECF6 /* libFlurry_7.0.0.a in Frameworks */ = {isa = PBXBuildFile; fileRef = B43F3FC51BB12BCB0036ECF6 /* libFlurry_7.0.0.a */; };
		B93786E2BEF594F94DA3446F /* libPods.a in Frameworks */ = {isa = PBXBuildFile; fileRef = 6A5172BC9B65FADD5B99762D /* libPods.a */; };
		E36999EA1BC7D18900093C62 /* MLGMRepoDetailController.m in Sources */ = {isa = PBXBuildFile; fileRef = E36999E91BC7D18900093C62 /* MLGMRepoDetailController.m */; settings = {ASSET_TAGS = (); }; };
		E36999EE1BC8C95200093C62 /* MLGMRecommendEmptyView.m in Sources */ = {isa = PBXBuildFile; fileRef = E36999ED1BC8C95200093C62 /* MLGMRecommendEmptyView.m */; settings = {ASSET_TAGS = (); }; };
		E36999F11BC9097400093C62 /* MLGMUserDetailView.m in Sources */ = {isa = PBXBuildFile; fileRef = E36999F01BC9097400093C62 /* MLGMUserDetailView.m */; settings = {ASSET_TAGS = (); }; };
		E3D1B3DE1BC616D400954095 /* MLGMTimeLineViewController.m in Sources */ = {isa = PBXBuildFile; fileRef = E3D1B3DD1BC616D400954095 /* MLGMTimeLineViewController.m */; settings = {ASSET_TAGS = (); }; };
		E3D1B3E11BC6171000954095 /* MLGMRecommendViewController.m in Sources */ = {isa = PBXBuildFile; fileRef = E3D1B3E01BC6171000954095 /* MLGMRecommendViewController.m */; settings = {ASSET_TAGS = (); }; };
		E3D1B3E41BC6172800954095 /* MLGMMyPageViewController.m in Sources */ = {isa = PBXBuildFile; fileRef = E3D1B3E31BC6172800954095 /* MLGMMyPageViewController.m */; settings = {ASSET_TAGS = (); }; };
		E3D1B3E71BC61A4D00954095 /* MLGMIntroductionViewController.m in Sources */ = {isa = PBXBuildFile; fileRef = E3D1B3E61BC61A4D00954095 /* MLGMIntroductionViewController.m */; settings = {ASSET_TAGS = (); }; };
		E3D1B3EE1BC6203600954095 /* MLGMLoginViewController.m in Sources */ = {isa = PBXBuildFile; fileRef = E3D1B3ED1BC6203600954095 /* MLGMLoginViewController.m */; settings = {ASSET_TAGS = (); }; };
		E3D1B3F11BC63DAF00954095 /* MLGMSearchViewController.m in Sources */ = {isa = PBXBuildFile; fileRef = E3D1B3F01BC63DAF00954095 /* MLGMSearchViewController.m */; settings = {ASSET_TAGS = (); }; };
		E3D1B3F41BC63FE500954095 /* MLGMGenesViewController.m in Sources */ = {isa = PBXBuildFile; fileRef = E3D1B3F31BC63FE500954095 /* MLGMGenesViewController.m */; settings = {ASSET_TAGS = (); }; };
		E3D1B3F81BC6438E00954095 /* MLGMAddNewGeneViewController.m in Sources */ = {isa = PBXBuildFile; fileRef = E3D1B3F71BC6438E00954095 /* MLGMAddNewGeneViewController.m */; settings = {ASSET_TAGS = (); }; };
		E3D1B3FC1BC764D000954095 /* MLGMTimeLineCell.m in Sources */ = {isa = PBXBuildFile; fileRef = E3D1B3FB1BC764D000954095 /* MLGMTimeLineCell.m */; settings = {ASSET_TAGS = (); }; };
		E3D1B3FF1BC764E100954095 /* MLGMRepoCell.m in Sources */ = {isa = PBXBuildFile; fileRef = E3D1B3FE1BC764E100954095 /* MLGMRepoCell.m */; settings = {ASSET_TAGS = (); }; };
		E3D1B4021BC764EE00954095 /* MLGMUserCell.m in Sources */ = {isa = PBXBuildFile; fileRef = E3D1B4011BC764EE00954095 /* MLGMUserCell.m */; settings = {ASSET_TAGS = (); }; };
		E3D1B4051BC7683F00954095 /* MLGMStringUtil.m in Sources */ = {isa = PBXBuildFile; fileRef = E3D1B4041BC7683F00954095 /* MLGMStringUtil.m */; settings = {ASSET_TAGS = (); }; };
		E3D1B40C1BC7996B00954095 /* MLGMNavigationController.m in Sources */ = {isa = PBXBuildFile; fileRef = E3D1B40B1BC7996B00954095 /* MLGMNavigationController.m */; settings = {ASSET_TAGS = (); }; };
		E3D1B4221BC7AC4300954095 /* MLGMSortViewController.m in Sources */ = {isa = PBXBuildFile; fileRef = E3D1B4211BC7AC4300954095 /* MLGMSortViewController.m */; settings = {ASSET_TAGS = (); }; };
/* End PBXBuildFile section */

/* Begin PBXContainerItemProxy section */
		B43F3FA11BB10E180036ECF6 /* PBXContainerItemProxy */ = {
			isa = PBXContainerItemProxy;
			containerPortal = B43F3F7F1BB10E180036ECF6 /* Project object */;
			proxyType = 1;
			remoteGlobalIDString = B43F3F861BB10E180036ECF6;
			remoteInfo = MaxLeapGit;
		};
/* End PBXContainerItemProxy section */

/* Begin PBXFileReference section */
		22E4148FE84D787D13499179 /* Pods.debug.xcconfig */ = {isa = PBXFileReference; includeInIndex = 1; lastKnownFileType = text.xcconfig; name = Pods.debug.xcconfig; path = "Pods/Target Support Files/Pods/Pods.debug.xcconfig"; sourceTree = "<group>"; };
		6A5172BC9B65FADD5B99762D /* libPods.a */ = {isa = PBXFileReference; explicitFileType = archive.ar; includeInIndex = 0; path = libPods.a; sourceTree = BUILT_PRODUCTS_DIR; };
		B405FB741BB12953002F972F /* PrefixHeader.pch */ = {isa = PBXFileReference; lastKnownFileType = sourcecode.c.h; path = PrefixHeader.pch; sourceTree = "<group>"; };
		B43F3F871BB10E180036ECF6 /* MaxLeapGit.app */ = {isa = PBXFileReference; explicitFileType = wrapper.application; includeInIndex = 0; path = MaxLeapGit.app; sourceTree = BUILT_PRODUCTS_DIR; };
		B43F3F8B1BB10E180036ECF6 /* Info.plist */ = {isa = PBXFileReference; lastKnownFileType = text.plist.xml; path = Info.plist; sourceTree = "<group>"; };
		B43F3F951BB10E180036ECF6 /* Base */ = {isa = PBXFileReference; lastKnownFileType = file.storyboard; name = Base; path = Base.lproj/Main.storyboard; sourceTree = "<group>"; };
		B43F3F971BB10E180036ECF6 /* Images.xcassets */ = {isa = PBXFileReference; lastKnownFileType = folder.assetcatalog; path = Images.xcassets; sourceTree = "<group>"; };
		B43F3FA01BB10E180036ECF6 /* MaxLeapGitTests.xctest */ = {isa = PBXFileReference; explicitFileType = wrapper.cfbundle; includeInIndex = 0; path = MaxLeapGitTests.xctest; sourceTree = BUILT_PRODUCTS_DIR; };
		B43F3FA51BB10E180036ECF6 /* Info.plist */ = {isa = PBXFileReference; lastKnownFileType = text.plist.xml; path = Info.plist; sourceTree = "<group>"; };
		B43F3FA61BB10E180036ECF6 /* MaxLeapGitTests.m */ = {isa = PBXFileReference; lastKnownFileType = sourcecode.c.objc; path = MaxLeapGitTests.m; sourceTree = "<group>"; };
		B43F3FBA1BB10F6A0036ECF6 /* AppDelegate.h */ = {isa = PBXFileReference; fileEncoding = 4; lastKnownFileType = sourcecode.c.h; path = AppDelegate.h; sourceTree = "<group>"; };
		B43F3FBB1BB10F6A0036ECF6 /* AppDelegate.m */ = {isa = PBXFileReference; fileEncoding = 4; lastKnownFileType = sourcecode.c.objc; path = AppDelegate.m; sourceTree = "<group>"; };
		B43F3FBD1BB125D80036ECF6 /* ViewController.h */ = {isa = PBXFileReference; fileEncoding = 4; lastKnownFileType = sourcecode.c.h; path = ViewController.h; sourceTree = "<group>"; };
		B43F3FBE1BB125D80036ECF6 /* ViewController.m */ = {isa = PBXFileReference; fileEncoding = 4; lastKnownFileType = sourcecode.c.objc; path = ViewController.m; sourceTree = "<group>"; };
		B43F3FC01BB126450036ECF6 /* main.m */ = {isa = PBXFileReference; fileEncoding = 4; lastKnownFileType = sourcecode.c.objc; path = main.m; sourceTree = "<group>"; };
		B43F3FC31BB12BCB0036ECF6 /* Flurry.h */ = {isa = PBXFileReference; fileEncoding = 4; lastKnownFileType = sourcecode.c.h; path = Flurry.h; sourceTree = "<group>"; };
		B43F3FC41BB12BCB0036ECF6 /* FlurryWatch.h */ = {isa = PBXFileReference; fileEncoding = 4; lastKnownFileType = sourcecode.c.h; path = FlurryWatch.h; sourceTree = "<group>"; };
		B43F3FC51BB12BCB0036ECF6 /* libFlurry_7.0.0.a */ = {isa = PBXFileReference; lastKnownFileType = archive.ar; path = libFlurry_7.0.0.a; sourceTree = "<group>"; };
		E260566CA9D865B12FF82152 /* Pods.release.xcconfig */ = {isa = PBXFileReference; includeInIndex = 1; lastKnownFileType = text.xcconfig; name = Pods.release.xcconfig; path = "Pods/Target Support Files/Pods/Pods.release.xcconfig"; sourceTree = "<group>"; };
		E36999E81BC7D18900093C62 /* MLGMRepoDetailController.h */ = {isa = PBXFileReference; fileEncoding = 4; lastKnownFileType = sourcecode.c.h; path = MLGMRepoDetailController.h; sourceTree = "<group>"; };
		E36999E91BC7D18900093C62 /* MLGMRepoDetailController.m */ = {isa = PBXFileReference; fileEncoding = 4; lastKnownFileType = sourcecode.c.objc; path = MLGMRepoDetailController.m; sourceTree = "<group>"; };
		E36999EC1BC8C95200093C62 /* MLGMRecommendEmptyView.h */ = {isa = PBXFileReference; fileEncoding = 4; lastKnownFileType = sourcecode.c.h; path = MLGMRecommendEmptyView.h; sourceTree = "<group>"; };
		E36999ED1BC8C95200093C62 /* MLGMRecommendEmptyView.m */ = {isa = PBXFileReference; fileEncoding = 4; lastKnownFileType = sourcecode.c.objc; path = MLGMRecommendEmptyView.m; sourceTree = "<group>"; };
		E36999EF1BC9097400093C62 /* MLGMUserDetailView.h */ = {isa = PBXFileReference; fileEncoding = 4; lastKnownFileType = sourcecode.c.h; name = MLGMUserDetailView.h; path = MaxLeapGit/ViewControllers/MLGMUserDetailView.h; sourceTree = SOURCE_ROOT; };
		E36999F01BC9097400093C62 /* MLGMUserDetailView.m */ = {isa = PBXFileReference; fileEncoding = 4; lastKnownFileType = sourcecode.c.objc; name = MLGMUserDetailView.m; path = MaxLeapGit/ViewControllers/MLGMUserDetailView.m; sourceTree = SOURCE_ROOT; };
		E3D1B3DC1BC616D400954095 /* MLGMTimeLineViewController.h */ = {isa = PBXFileReference; fileEncoding = 4; lastKnownFileType = sourcecode.c.h; path = MLGMTimeLineViewController.h; sourceTree = "<group>"; };
		E3D1B3DD1BC616D400954095 /* MLGMTimeLineViewController.m */ = {isa = PBXFileReference; fileEncoding = 4; lastKnownFileType = sourcecode.c.objc; path = MLGMTimeLineViewController.m; sourceTree = "<group>"; };
		E3D1B3DF1BC6171000954095 /* MLGMRecommendViewController.h */ = {isa = PBXFileReference; fileEncoding = 4; lastKnownFileType = sourcecode.c.h; path = MLGMRecommendViewController.h; sourceTree = "<group>"; };
		E3D1B3E01BC6171000954095 /* MLGMRecommendViewController.m */ = {isa = PBXFileReference; fileEncoding = 4; lastKnownFileType = sourcecode.c.objc; path = MLGMRecommendViewController.m; sourceTree = "<group>"; };
		E3D1B3E21BC6172800954095 /* MLGMMyPageViewController.h */ = {isa = PBXFileReference; fileEncoding = 4; lastKnownFileType = sourcecode.c.h; path = MLGMMyPageViewController.h; sourceTree = "<group>"; };
		E3D1B3E31BC6172800954095 /* MLGMMyPageViewController.m */ = {isa = PBXFileReference; fileEncoding = 4; lastKnownFileType = sourcecode.c.objc; path = MLGMMyPageViewController.m; sourceTree = "<group>"; };
		E3D1B3E51BC61A4D00954095 /* MLGMIntroductionViewController.h */ = {isa = PBXFileReference; fileEncoding = 4; lastKnownFileType = sourcecode.c.h; path = MLGMIntroductionViewController.h; sourceTree = "<group>"; };
		E3D1B3E61BC61A4D00954095 /* MLGMIntroductionViewController.m */ = {isa = PBXFileReference; fileEncoding = 4; lastKnownFileType = sourcecode.c.objc; path = MLGMIntroductionViewController.m; sourceTree = "<group>"; };
		E3D1B3EC1BC6203600954095 /* MLGMLoginViewController.h */ = {isa = PBXFileReference; fileEncoding = 4; lastKnownFileType = sourcecode.c.h; path = MLGMLoginViewController.h; sourceTree = "<group>"; };
		E3D1B3ED1BC6203600954095 /* MLGMLoginViewController.m */ = {isa = PBXFileReference; fileEncoding = 4; lastKnownFileType = sourcecode.c.objc; path = MLGMLoginViewController.m; sourceTree = "<group>"; };
		E3D1B3EF1BC63DAF00954095 /* MLGMSearchViewController.h */ = {isa = PBXFileReference; fileEncoding = 4; lastKnownFileType = sourcecode.c.h; path = MLGMSearchViewController.h; sourceTree = "<group>"; };
		E3D1B3F01BC63DAF00954095 /* MLGMSearchViewController.m */ = {isa = PBXFileReference; fileEncoding = 4; lastKnownFileType = sourcecode.c.objc; path = MLGMSearchViewController.m; sourceTree = "<group>"; };
		E3D1B3F21BC63FE500954095 /* MLGMGenesViewController.h */ = {isa = PBXFileReference; fileEncoding = 4; lastKnownFileType = sourcecode.c.h; path = MLGMGenesViewController.h; sourceTree = "<group>"; };
		E3D1B3F31BC63FE500954095 /* MLGMGenesViewController.m */ = {isa = PBXFileReference; fileEncoding = 4; lastKnownFileType = sourcecode.c.objc; path = MLGMGenesViewController.m; sourceTree = "<group>"; };
		E3D1B3F61BC6438E00954095 /* MLGMAddNewGeneViewController.h */ = {isa = PBXFileReference; fileEncoding = 4; lastKnownFileType = sourcecode.c.h; path = MLGMAddNewGeneViewController.h; sourceTree = "<group>"; };
		E3D1B3F71BC6438E00954095 /* MLGMAddNewGeneViewController.m */ = {isa = PBXFileReference; fileEncoding = 4; lastKnownFileType = sourcecode.c.objc; path = MLGMAddNewGeneViewController.m; sourceTree = "<group>"; };
		E3D1B3FA1BC764D000954095 /* MLGMTimeLineCell.h */ = {isa = PBXFileReference; fileEncoding = 4; lastKnownFileType = sourcecode.c.h; name = MLGMTimeLineCell.h; path = MaxLeapGit/ViewControllers/MLGMTimeLineCell.h; sourceTree = SOURCE_ROOT; };
		E3D1B3FB1BC764D000954095 /* MLGMTimeLineCell.m */ = {isa = PBXFileReference; fileEncoding = 4; lastKnownFileType = sourcecode.c.objc; name = MLGMTimeLineCell.m; path = MaxLeapGit/ViewControllers/MLGMTimeLineCell.m; sourceTree = SOURCE_ROOT; };
		E3D1B3FD1BC764E100954095 /* MLGMRepoCell.h */ = {isa = PBXFileReference; fileEncoding = 4; lastKnownFileType = sourcecode.c.h; name = MLGMRepoCell.h; path = MaxLeapGit/ViewControllers/MLGMRepoCell.h; sourceTree = SOURCE_ROOT; };
		E3D1B3FE1BC764E100954095 /* MLGMRepoCell.m */ = {isa = PBXFileReference; fileEncoding = 4; lastKnownFileType = sourcecode.c.objc; name = MLGMRepoCell.m; path = MaxLeapGit/ViewControllers/MLGMRepoCell.m; sourceTree = SOURCE_ROOT; };
		E3D1B4001BC764EE00954095 /* MLGMUserCell.h */ = {isa = PBXFileReference; fileEncoding = 4; lastKnownFileType = sourcecode.c.h; name = MLGMUserCell.h; path = MaxLeapGit/ViewControllers/MLGMUserCell.h; sourceTree = SOURCE_ROOT; };
		E3D1B4011BC764EE00954095 /* MLGMUserCell.m */ = {isa = PBXFileReference; fileEncoding = 4; lastKnownFileType = sourcecode.c.objc; name = MLGMUserCell.m; path = MaxLeapGit/ViewControllers/MLGMUserCell.m; sourceTree = SOURCE_ROOT; };
		E3D1B4031BC7683F00954095 /* MLGMStringUtil.h */ = {isa = PBXFileReference; fileEncoding = 4; lastKnownFileType = sourcecode.c.h; path = MLGMStringUtil.h; sourceTree = "<group>"; };
		E3D1B4041BC7683F00954095 /* MLGMStringUtil.m */ = {isa = PBXFileReference; fileEncoding = 4; lastKnownFileType = sourcecode.c.objc; path = MLGMStringUtil.m; sourceTree = "<group>"; };
		E3D1B40A1BC7996B00954095 /* MLGMNavigationController.h */ = {isa = PBXFileReference; fileEncoding = 4; lastKnownFileType = sourcecode.c.h; path = MLGMNavigationController.h; sourceTree = "<group>"; };
		E3D1B40B1BC7996B00954095 /* MLGMNavigationController.m */ = {isa = PBXFileReference; fileEncoding = 4; lastKnownFileType = sourcecode.c.objc; path = MLGMNavigationController.m; sourceTree = "<group>"; };
		E3D1B41E1BC7A92900954095 /* QuartzCore.framework */ = {isa = PBXFileReference; lastKnownFileType = wrapper.framework; name = QuartzCore.framework; path = System/Library/Frameworks/QuartzCore.framework; sourceTree = SDKROOT; };
		E3D1B4201BC7AC4300954095 /* MLGMSortViewController.h */ = {isa = PBXFileReference; fileEncoding = 4; lastKnownFileType = sourcecode.c.h; path = MLGMSortViewController.h; sourceTree = "<group>"; };
		E3D1B4211BC7AC4300954095 /* MLGMSortViewController.m */ = {isa = PBXFileReference; fileEncoding = 4; lastKnownFileType = sourcecode.c.objc; path = MLGMSortViewController.m; sourceTree = "<group>"; };
/* End PBXFileReference section */

/* Begin PBXFrameworksBuildPhase section */
		B43F3F841BB10E180036ECF6 /* Frameworks */ = {
			isa = PBXFrameworksBuildPhase;
			buildActionMask = 2147483647;
			files = (
				B43F3FC61BB12BCB0036ECF6 /* libFlurry_7.0.0.a in Frameworks */,
				B93786E2BEF594F94DA3446F /* libPods.a in Frameworks */,
			);
			runOnlyForDeploymentPostprocessing = 0;
		};
		B43F3F9D1BB10E180036ECF6 /* Frameworks */ = {
			isa = PBXFrameworksBuildPhase;
			buildActionMask = 2147483647;
			files = (
			);
			runOnlyForDeploymentPostprocessing = 0;
		};
/* End PBXFrameworksBuildPhase section */

/* Begin PBXGroup section */
		3C69B6FF8A044E7D3257C6FC /* Pods */ = {
			isa = PBXGroup;
			children = (
				22E4148FE84D787D13499179 /* Pods.debug.xcconfig */,
				E260566CA9D865B12FF82152 /* Pods.release.xcconfig */,
			);
			name = Pods;
			sourceTree = "<group>";
		};
		79C7B2825FDB2A1289F5C11B /* Frameworks */ = {
			isa = PBXGroup;
			children = (
				E3D1B41E1BC7A92900954095 /* QuartzCore.framework */,
				6A5172BC9B65FADD5B99762D /* libPods.a */,
			);
			name = Frameworks;
			sourceTree = "<group>";
		};
		B43F3F7E1BB10E180036ECF6 = {
			isa = PBXGroup;
			children = (
				B43F3F891BB10E180036ECF6 /* MaxLeapGit */,
				B43F3FA31BB10E180036ECF6 /* MaxLeapGitTests */,
				B43F3F881BB10E180036ECF6 /* Products */,
				3C69B6FF8A044E7D3257C6FC /* Pods */,
				79C7B2825FDB2A1289F5C11B /* Frameworks */,
			);
			sourceTree = "<group>";
		};
		B43F3F881BB10E180036ECF6 /* Products */ = {
			isa = PBXGroup;
			children = (
				B43F3F871BB10E180036ECF6 /* MaxLeapGit.app */,
				B43F3FA01BB10E180036ECF6 /* MaxLeapGitTests.xctest */,
			);
			name = Products;
			sourceTree = "<group>";
		};
		B43F3F891BB10E180036ECF6 /* MaxLeapGit */ = {
			isa = PBXGroup;
			children = (
				B43F3F941BB10E180036ECF6 /* Main.storyboard */,
				B43F3FB01BB10F570036ECF6 /* Application */,
				B43F3FB81BB10F570036ECF6 /* ViewControllers */,
				B43F3FB91BB10F570036ECF6 /* Views */,
				B43F3FB41BB10F570036ECF6 /* Models */,
				B43F3FB21BB10F570036ECF6 /* Layout */,
				B43F3FB71BB10F570036ECF6 /* Utils */,
				B43F3FB31BB10F570036ECF6 /* Library */,
				B43F3FB51BB10F570036ECF6 /* Resources */,
				B43F3FB61BB10F570036ECF6 /* Services */,
				B43F3FB11BB10F570036ECF6 /* Framework */,
				B43F3F971BB10E180036ECF6 /* Images.xcassets */,
				B43F3F8A1BB10E180036ECF6 /* Supporting Files */,
			);
			path = MaxLeapGit;
			sourceTree = "<group>";
		};
		B43F3F8A1BB10E180036ECF6 /* Supporting Files */ = {
			isa = PBXGroup;
			children = (
				B43F3F8B1BB10E180036ECF6 /* Info.plist */,
			);
			name = "Supporting Files";
			sourceTree = "<group>";
		};
		B43F3FA31BB10E180036ECF6 /* MaxLeapGitTests */ = {
			isa = PBXGroup;
			children = (
				B43F3FA61BB10E180036ECF6 /* MaxLeapGitTests.m */,
				B43F3FA41BB10E180036ECF6 /* Supporting Files */,
			);
			path = MaxLeapGitTests;
			sourceTree = "<group>";
		};
		B43F3FA41BB10E180036ECF6 /* Supporting Files */ = {
			isa = PBXGroup;
			children = (
				B43F3FA51BB10E180036ECF6 /* Info.plist */,
			);
			name = "Supporting Files";
			sourceTree = "<group>";
		};
		B43F3FB01BB10F570036ECF6 /* Application */ = {
			isa = PBXGroup;
			children = (
				B43F3FC01BB126450036ECF6 /* main.m */,
				B43F3FBA1BB10F6A0036ECF6 /* AppDelegate.h */,
				B43F3FBB1BB10F6A0036ECF6 /* AppDelegate.m */,
			);
			path = Application;
			sourceTree = "<group>";
		};
		B43F3FB11BB10F570036ECF6 /* Framework */ = {
			isa = PBXGroup;
			children = (
				B43F3FC21BB12BCB0036ECF6 /* Flurry */,
			);
			path = Framework;
			sourceTree = "<group>";
		};
		B43F3FB21BB10F570036ECF6 /* Layout */ = {
			isa = PBXGroup;
			children = (
			);
			path = Layout;
			sourceTree = "<group>";
		};
		B43F3FB31BB10F570036ECF6 /* Library */ = {
			isa = PBXGroup;
			children = (
			);
			path = Library;
			sourceTree = "<group>";
		};
		B43F3FB41BB10F570036ECF6 /* Models */ = {
			isa = PBXGroup;
			children = (
			);
			path = Models;
			sourceTree = "<group>";
		};
		B43F3FB51BB10F570036ECF6 /* Resources */ = {
			isa = PBXGroup;
			children = (
			);
			path = Resources;
			sourceTree = "<group>";
		};
		B43F3FB61BB10F570036ECF6 /* Services */ = {
			isa = PBXGroup;
			children = (
			);
			path = Services;
			sourceTree = "<group>";
		};
		B43F3FB71BB10F570036ECF6 /* Utils */ = {
			isa = PBXGroup;
			children = (
				B405FB741BB12953002F972F /* PrefixHeader.pch */,
				E3D1B4031BC7683F00954095 /* MLGMStringUtil.h */,
				E3D1B4041BC7683F00954095 /* MLGMStringUtil.m */,
			);
			path = Utils;
			sourceTree = "<group>";
		};
		B43F3FB81BB10F570036ECF6 /* ViewControllers */ = {
			isa = PBXGroup;
			children = (
				B43F3FBD1BB125D80036ECF6 /* ViewController.h */,
				B43F3FBE1BB125D80036ECF6 /* ViewController.m */,
				E3D1B40A1BC7996B00954095 /* MLGMNavigationController.h */,
				E3D1B40B1BC7996B00954095 /* MLGMNavigationController.m */,
				E3D1B3F51BC6435300954095 /* Shared */,
				E3D1B3EB1BC61F5F00954095 /* Login */,
				E3D1B3E81BC61BB100954095 /* TimeLine */,
				E3D1B3E91BC61BBD00954095 /* Recommend */,
				E3D1B3EA1BC61BC400954095 /* MyPage */,
			);
			path = ViewControllers;
			sourceTree = "<group>";
		};
		B43F3FB91BB10F570036ECF6 /* Views */ = {
			isa = PBXGroup;
			children = (
				E3D1B3FA1BC764D000954095 /* MLGMTimeLineCell.h */,
				E3D1B3FB1BC764D000954095 /* MLGMTimeLineCell.m */,
				E3D1B3FD1BC764E100954095 /* MLGMRepoCell.h */,
				E3D1B3FE1BC764E100954095 /* MLGMRepoCell.m */,
				E3D1B4001BC764EE00954095 /* MLGMUserCell.h */,
				E3D1B4011BC764EE00954095 /* MLGMUserCell.m */,
				E36999EF1BC9097400093C62 /* MLGMUserDetailView.h */,
				E36999F01BC9097400093C62 /* MLGMUserDetailView.m */,
			);
			path = Views;
			sourceTree = "<group>";
		};
		B43F3FC21BB12BCB0036ECF6 /* Flurry */ = {
			isa = PBXGroup;
			children = (
				B43F3FC31BB12BCB0036ECF6 /* Flurry.h */,
				B43F3FC41BB12BCB0036ECF6 /* FlurryWatch.h */,
				B43F3FC51BB12BCB0036ECF6 /* libFlurry_7.0.0.a */,
			);
			path = Flurry;
			sourceTree = "<group>";
		};
		E3D1B3E81BC61BB100954095 /* TimeLine */ = {
			isa = PBXGroup;
			children = (
				E3D1B3DC1BC616D400954095 /* MLGMTimeLineViewController.h */,
				E3D1B3DD1BC616D400954095 /* MLGMTimeLineViewController.m */,
			);
			name = TimeLine;
			sourceTree = "<group>";
		};
		E3D1B3E91BC61BBD00954095 /* Recommend */ = {
			isa = PBXGroup;
			children = (
				E3D1B3DF1BC6171000954095 /* MLGMRecommendViewController.h */,
				E3D1B3E01BC6171000954095 /* MLGMRecommendViewController.m */,
				E36999EC1BC8C95200093C62 /* MLGMRecommendEmptyView.h */,
				E36999ED1BC8C95200093C62 /* MLGMRecommendEmptyView.m */,
			);
			name = Recommend;
			sourceTree = "<group>";
		};
		E3D1B3EA1BC61BC400954095 /* MyPage */ = {
			isa = PBXGroup;
			children = (
				E3D1B3E21BC6172800954095 /* MLGMMyPageViewController.h */,
				E3D1B3E31BC6172800954095 /* MLGMMyPageViewController.m */,
			);
			name = MyPage;
			sourceTree = "<group>";
		};
		E3D1B3EB1BC61F5F00954095 /* Login */ = {
			isa = PBXGroup;
			children = (
				E3D1B3E51BC61A4D00954095 /* MLGMIntroductionViewController.h */,
				E3D1B3E61BC61A4D00954095 /* MLGMIntroductionViewController.m */,
				E3D1B3EC1BC6203600954095 /* MLGMLoginViewController.h */,
				E3D1B3ED1BC6203600954095 /* MLGMLoginViewController.m */,
			);
			name = Login;
			sourceTree = "<group>";
		};
		E3D1B3F51BC6435300954095 /* Shared */ = {
			isa = PBXGroup;
			children = (
				E3D1B3EF1BC63DAF00954095 /* MLGMSearchViewController.h */,
				E3D1B3F01BC63DAF00954095 /* MLGMSearchViewController.m */,
				E3D1B4201BC7AC4300954095 /* MLGMSortViewController.h */,
				E3D1B4211BC7AC4300954095 /* MLGMSortViewController.m */,
				E36999E81BC7D18900093C62 /* MLGMRepoDetailController.h */,
				E36999E91BC7D18900093C62 /* MLGMRepoDetailController.m */,
				E3D1B3F21BC63FE500954095 /* MLGMGenesViewController.h */,
				E3D1B3F31BC63FE500954095 /* MLGMGenesViewController.m */,
				E3D1B3F61BC6438E00954095 /* MLGMAddNewGeneViewController.h */,
				E3D1B3F71BC6438E00954095 /* MLGMAddNewGeneViewController.m */,
			);
			name = Shared;
			sourceTree = "<group>";
		};
/* End PBXGroup section */

/* Begin PBXNativeTarget section */
		B43F3F861BB10E180036ECF6 /* MaxLeapGit */ = {
			isa = PBXNativeTarget;
			buildConfigurationList = B43F3FAA1BB10E180036ECF6 /* Build configuration list for PBXNativeTarget "MaxLeapGit" */;
			buildPhases = (
				66D1675F1509D4A594637E32 /* Check Pods Manifest.lock */,
				B43F3FC71BB130760036ECF6 /* ShellScript */,
				B43F3F831BB10E180036ECF6 /* Sources */,
				B43F3F841BB10E180036ECF6 /* Frameworks */,
				B43F3F851BB10E180036ECF6 /* Resources */,
				4C0862434447C7704EE393BF /* Copy Pods Resources */,
			);
			buildRules = (
			);
			dependencies = (
			);
			name = MaxLeapGit;
			productName = MaxLeapGit;
			productReference = B43F3F871BB10E180036ECF6 /* MaxLeapGit.app */;
			productType = "com.apple.product-type.application";
		};
		B43F3F9F1BB10E180036ECF6 /* MaxLeapGitTests */ = {
			isa = PBXNativeTarget;
			buildConfigurationList = B43F3FAD1BB10E180036ECF6 /* Build configuration list for PBXNativeTarget "MaxLeapGitTests" */;
			buildPhases = (
				B43F3F9C1BB10E180036ECF6 /* Sources */,
				B43F3F9D1BB10E180036ECF6 /* Frameworks */,
				B43F3F9E1BB10E180036ECF6 /* Resources */,
			);
			buildRules = (
			);
			dependencies = (
				B43F3FA21BB10E180036ECF6 /* PBXTargetDependency */,
			);
			name = MaxLeapGitTests;
			productName = MaxLeapGitTests;
			productReference = B43F3FA01BB10E180036ECF6 /* MaxLeapGitTests.xctest */;
			productType = "com.apple.product-type.bundle.unit-test";
		};
/* End PBXNativeTarget section */

/* Begin PBXProject section */
		B43F3F7F1BB10E180036ECF6 /* Project object */ = {
			isa = PBXProject;
			attributes = {
				LastUpgradeCheck = 0700;
				ORGANIZATIONNAME = iLegendsoft;
				TargetAttributes = {
					B43F3F861BB10E180036ECF6 = {
						CreatedOnToolsVersion = 6.4;
						DevelopmentTeam = 65223HE549;
					};
					B43F3F9F1BB10E180036ECF6 = {
						CreatedOnToolsVersion = 6.4;
						TestTargetID = B43F3F861BB10E180036ECF6;
					};
				};
			};
			buildConfigurationList = B43F3F821BB10E180036ECF6 /* Build configuration list for PBXProject "MaxLeapGit" */;
			compatibilityVersion = "Xcode 3.2";
			developmentRegion = English;
			hasScannedForEncodings = 0;
			knownRegions = (
				en,
				Base,
			);
			mainGroup = B43F3F7E1BB10E180036ECF6;
			productRefGroup = B43F3F881BB10E180036ECF6 /* Products */;
			projectDirPath = "";
			projectRoot = "";
			targets = (
				B43F3F861BB10E180036ECF6 /* MaxLeapGit */,
				B43F3F9F1BB10E180036ECF6 /* MaxLeapGitTests */,
			);
		};
/* End PBXProject section */

/* Begin PBXResourcesBuildPhase section */
		B43F3F851BB10E180036ECF6 /* Resources */ = {
			isa = PBXResourcesBuildPhase;
			buildActionMask = 2147483647;
			files = (
				B43F3F961BB10E180036ECF6 /* Main.storyboard in Resources */,
				B43F3F981BB10E180036ECF6 /* Images.xcassets in Resources */,
			);
			runOnlyForDeploymentPostprocessing = 0;
		};
		B43F3F9E1BB10E180036ECF6 /* Resources */ = {
			isa = PBXResourcesBuildPhase;
			buildActionMask = 2147483647;
			files = (
			);
			runOnlyForDeploymentPostprocessing = 0;
		};
/* End PBXResourcesBuildPhase section */

/* Begin PBXShellScriptBuildPhase section */
		4C0862434447C7704EE393BF /* Copy Pods Resources */ = {
			isa = PBXShellScriptBuildPhase;
			buildActionMask = 2147483647;
			files = (
			);
			inputPaths = (
			);
			name = "Copy Pods Resources";
			outputPaths = (
			);
			runOnlyForDeploymentPostprocessing = 0;
			shellPath = /bin/sh;
			shellScript = "\"${SRCROOT}/Pods/Target Support Files/Pods/Pods-resources.sh\"\n";
			showEnvVarsInLog = 0;
		};
		66D1675F1509D4A594637E32 /* Check Pods Manifest.lock */ = {
			isa = PBXShellScriptBuildPhase;
			buildActionMask = 2147483647;
			files = (
			);
			inputPaths = (
			);
			name = "Check Pods Manifest.lock";
			outputPaths = (
			);
			runOnlyForDeploymentPostprocessing = 0;
			shellPath = /bin/sh;
			shellScript = "diff \"${PODS_ROOT}/../Podfile.lock\" \"${PODS_ROOT}/Manifest.lock\" > /dev/null\nif [[ $? != 0 ]] ; then\n    cat << EOM\nerror: The sandbox is not in sync with the Podfile.lock. Run 'pod install' or update your CocoaPods installation.\nEOM\n    exit 1\nfi\n";
			showEnvVarsInLog = 0;
		};
		B43F3FC71BB130760036ECF6 /* ShellScript */ = {
			isa = PBXShellScriptBuildPhase;
			buildActionMask = 2147483647;
			files = (
			);
			inputPaths = (
			);
			outputPaths = (
			);
			runOnlyForDeploymentPostprocessing = 0;
			shellPath = /bin/bash;
			shellScript = "\n(./restore-encrypted-fields.sh)";
		};
/* End PBXShellScriptBuildPhase section */

/* Begin PBXSourcesBuildPhase section */
		B43F3F831BB10E180036ECF6 /* Sources */ = {
			isa = PBXSourcesBuildPhase;
			buildActionMask = 2147483647;
			files = (
				B43F3FBF1BB125D80036ECF6 /* ViewController.m in Sources */,
				E3D1B3F11BC63DAF00954095 /* MLGMSearchViewController.m in Sources */,
				E3D1B4051BC7683F00954095 /* MLGMStringUtil.m in Sources */,
				E3D1B3E71BC61A4D00954095 /* MLGMIntroductionViewController.m in Sources */,
				E3D1B3FF1BC764E100954095 /* MLGMRepoCell.m in Sources */,
				E3D1B3E41BC6172800954095 /* MLGMMyPageViewController.m in Sources */,
				B43F3FC11BB126450036ECF6 /* main.m in Sources */,
				E36999EA1BC7D18900093C62 /* MLGMRepoDetailController.m in Sources */,
				B43F3FBC1BB10F6A0036ECF6 /* AppDelegate.m in Sources */,
				E36999F11BC9097400093C62 /* MLGMUserDetailView.m in Sources */,
				E3D1B3FC1BC764D000954095 /* MLGMTimeLineCell.m in Sources */,
				E3D1B3DE1BC616D400954095 /* MLGMTimeLineViewController.m in Sources */,
				E3D1B4221BC7AC4300954095 /* MLGMSortViewController.m in Sources */,
				E3D1B3F81BC6438E00954095 /* MLGMAddNewGeneViewController.m in Sources */,
				E3D1B40C1BC7996B00954095 /* MLGMNavigationController.m in Sources */,
				E3D1B3EE1BC6203600954095 /* MLGMLoginViewController.m in Sources */,
				E36999EE1BC8C95200093C62 /* MLGMRecommendEmptyView.m in Sources */,
				E3D1B3E11BC6171000954095 /* MLGMRecommendViewController.m in Sources */,
				E3D1B4021BC764EE00954095 /* MLGMUserCell.m in Sources */,
				E3D1B3F41BC63FE500954095 /* MLGMGenesViewController.m in Sources */,
			);
			runOnlyForDeploymentPostprocessing = 0;
		};
		B43F3F9C1BB10E180036ECF6 /* Sources */ = {
			isa = PBXSourcesBuildPhase;
			buildActionMask = 2147483647;
			files = (
				B43F3FA71BB10E180036ECF6 /* MaxLeapGitTests.m in Sources */,
			);
			runOnlyForDeploymentPostprocessing = 0;
		};
/* End PBXSourcesBuildPhase section */

/* Begin PBXTargetDependency section */
		B43F3FA21BB10E180036ECF6 /* PBXTargetDependency */ = {
			isa = PBXTargetDependency;
			target = B43F3F861BB10E180036ECF6 /* MaxLeapGit */;
			targetProxy = B43F3FA11BB10E180036ECF6 /* PBXContainerItemProxy */;
		};
/* End PBXTargetDependency section */

/* Begin PBXVariantGroup section */
		B43F3F941BB10E180036ECF6 /* Main.storyboard */ = {
			isa = PBXVariantGroup;
			children = (
				B43F3F951BB10E180036ECF6 /* Base */,
			);
			name = Main.storyboard;
			sourceTree = "<group>";
		};
/* End PBXVariantGroup section */

/* Begin XCBuildConfiguration section */
		B43F3FA81BB10E180036ECF6 /* Debug */ = {
			isa = XCBuildConfiguration;
			buildSettings = {
				ALWAYS_SEARCH_USER_PATHS = NO;
				CLANG_CXX_LANGUAGE_STANDARD = "gnu++0x";
				CLANG_CXX_LIBRARY = "libc++";
				CLANG_ENABLE_MODULES = YES;
				CLANG_ENABLE_OBJC_ARC = YES;
				CLANG_WARN_BOOL_CONVERSION = YES;
				CLANG_WARN_CONSTANT_CONVERSION = YES;
				CLANG_WARN_DIRECT_OBJC_ISA_USAGE = YES_ERROR;
				CLANG_WARN_EMPTY_BODY = YES;
				CLANG_WARN_ENUM_CONVERSION = YES;
				CLANG_WARN_INT_CONVERSION = YES;
				CLANG_WARN_OBJC_ROOT_CLASS = YES_ERROR;
				CLANG_WARN_UNREACHABLE_CODE = YES;
				CLANG_WARN__DUPLICATE_METHOD_MATCH = YES;
				"CODE_SIGN_IDENTITY[sdk=iphoneos*]" = "iPhone Developer";
				COPY_PHASE_STRIP = NO;
				DEBUG_INFORMATION_FORMAT = "dwarf-with-dsym";
				ENABLE_STRICT_OBJC_MSGSEND = YES;
				ENABLE_TESTABILITY = YES;
				GCC_C_LANGUAGE_STANDARD = gnu99;
				GCC_DYNAMIC_NO_PIC = NO;
				GCC_NO_COMMON_BLOCKS = YES;
				GCC_OPTIMIZATION_LEVEL = 0;
				GCC_PREPROCESSOR_DEFINITIONS = (
					"DEBUG=1",
					"$(inherited)",
				);
				GCC_SYMBOLS_PRIVATE_EXTERN = NO;
				GCC_WARN_64_TO_32_BIT_CONVERSION = YES;
				GCC_WARN_ABOUT_RETURN_TYPE = YES_ERROR;
				GCC_WARN_UNDECLARED_SELECTOR = YES;
				GCC_WARN_UNINITIALIZED_AUTOS = YES_AGGRESSIVE;
				GCC_WARN_UNUSED_FUNCTION = YES;
				GCC_WARN_UNUSED_VARIABLE = YES;
				IPHONEOS_DEPLOYMENT_TARGET = 8.4;
				MTL_ENABLE_DEBUG_INFO = YES;
				ONLY_ACTIVE_ARCH = YES;
				SDKROOT = iphoneos;
				TARGETED_DEVICE_FAMILY = "1,2";
			};
			name = Debug;
		};
		B43F3FA91BB10E180036ECF6 /* Release */ = {
			isa = XCBuildConfiguration;
			buildSettings = {
				ALWAYS_SEARCH_USER_PATHS = NO;
				CLANG_CXX_LANGUAGE_STANDARD = "gnu++0x";
				CLANG_CXX_LIBRARY = "libc++";
				CLANG_ENABLE_MODULES = YES;
				CLANG_ENABLE_OBJC_ARC = YES;
				CLANG_WARN_BOOL_CONVERSION = YES;
				CLANG_WARN_CONSTANT_CONVERSION = YES;
				CLANG_WARN_DIRECT_OBJC_ISA_USAGE = YES_ERROR;
				CLANG_WARN_EMPTY_BODY = YES;
				CLANG_WARN_ENUM_CONVERSION = YES;
				CLANG_WARN_INT_CONVERSION = YES;
				CLANG_WARN_OBJC_ROOT_CLASS = YES_ERROR;
				CLANG_WARN_UNREACHABLE_CODE = YES;
				CLANG_WARN__DUPLICATE_METHOD_MATCH = YES;
				"CODE_SIGN_IDENTITY[sdk=iphoneos*]" = "iPhone Developer";
				COPY_PHASE_STRIP = NO;
				DEBUG_INFORMATION_FORMAT = "dwarf-with-dsym";
				ENABLE_NS_ASSERTIONS = NO;
				ENABLE_STRICT_OBJC_MSGSEND = YES;
				GCC_C_LANGUAGE_STANDARD = gnu99;
				GCC_NO_COMMON_BLOCKS = YES;
				GCC_WARN_64_TO_32_BIT_CONVERSION = YES;
				GCC_WARN_ABOUT_RETURN_TYPE = YES_ERROR;
				GCC_WARN_UNDECLARED_SELECTOR = YES;
				GCC_WARN_UNINITIALIZED_AUTOS = YES_AGGRESSIVE;
				GCC_WARN_UNUSED_FUNCTION = YES;
				GCC_WARN_UNUSED_VARIABLE = YES;
				IPHONEOS_DEPLOYMENT_TARGET = 8.4;
				MTL_ENABLE_DEBUG_INFO = NO;
				SDKROOT = iphoneos;
				TARGETED_DEVICE_FAMILY = "1,2";
				VALIDATE_PRODUCT = YES;
			};
			name = Release;
		};
		B43F3FAB1BB10E180036ECF6 /* Debug */ = {
			isa = XCBuildConfiguration;
			baseConfigurationReference = 22E4148FE84D787D13499179 /* Pods.debug.xcconfig */;
			buildSettings = {
				ASSETCATALOG_COMPILER_APPICON_NAME = AppIcon;
				CODE_SIGN_IDENTITY = "iPhone Developer: Shanhu Ma (LMRSZX5M2S)";
				GCC_PRECOMPILE_PREFIX_HEADER = YES;
				GCC_PREFIX_HEADER = "$(SRCROOT)/MaxLeapGit/Utils/PrefixHeader.pch";
				INFOPLIST_FILE = MaxLeapGit/Info.plist;
				LD_RUNPATH_SEARCH_PATHS = "$(inherited) @executable_path/Frameworks";
				LIBRARY_SEARCH_PATHS = (
					"$(inherited)",
					"$(PROJECT_DIR)/MaxLeapGit/Framework/Flurry",
				);
				PRODUCT_BUNDLE_IDENTIFIER = com.maxleap.gitmaster;
				PRODUCT_NAME = "$(TARGET_NAME)";
				PROVISIONING_PROFILE = "96a10ae9-66ec-47e8-977c-da158794716f";
			};
			name = Debug;
		};
		B43F3FAC1BB10E180036ECF6 /* Release */ = {
			isa = XCBuildConfiguration;
			baseConfigurationReference = E260566CA9D865B12FF82152 /* Pods.release.xcconfig */;
			buildSettings = {
				ASSETCATALOG_COMPILER_APPICON_NAME = AppIcon;
				CODE_SIGN_IDENTITY = "iPhone Distribution: Granite Mobile, Inc. (65223HE549)";
				GCC_PRECOMPILE_PREFIX_HEADER = YES;
				GCC_PREFIX_HEADER = "$(SRCROOT)/MaxLeapGit/Utils/PrefixHeader.pch";
				INFOPLIST_FILE = MaxLeapGit/Info.plist;
				LD_RUNPATH_SEARCH_PATHS = "$(inherited) @executable_path/Frameworks";
				LIBRARY_SEARCH_PATHS = (
					"$(inherited)",
					"$(PROJECT_DIR)/MaxLeapGit/Framework/Flurry",
				);
				PRODUCT_BUNDLE_IDENTIFIER = com.maxleap.gitmaster;
				PRODUCT_NAME = "$(TARGET_NAME)";
				PROVISIONING_PROFILE = "8f455649-4fec-47ff-86ff-435ef4495f09";
			};
			name = Release;
		};
		B43F3FAE1BB10E180036ECF6 /* Debug */ = {
			isa = XCBuildConfiguration;
			buildSettings = {
				BUNDLE_LOADER = "$(TEST_HOST)";
				FRAMEWORK_SEARCH_PATHS = "$(inherited)";
				GCC_PREPROCESSOR_DEFINITIONS = (
					"DEBUG=1",
					"$(inherited)",
				);
				INFOPLIST_FILE = MaxLeapGitTests/Info.plist;
				LD_RUNPATH_SEARCH_PATHS = "$(inherited) @executable_path/Frameworks @loader_path/Frameworks";
				PRODUCT_BUNDLE_IDENTIFIER = "com.youcompany.MaxLeapGit.$(PRODUCT_NAME:rfc1034identifier)";
				PRODUCT_NAME = "$(TARGET_NAME)";
				TEST_HOST = "$(BUILT_PRODUCTS_DIR)/MaxLeapGit.app/MaxLeapGit";
			};
			name = Debug;
		};
		B43F3FAF1BB10E180036ECF6 /* Release */ = {
			isa = XCBuildConfiguration;
			buildSettings = {
				BUNDLE_LOADER = "$(TEST_HOST)";
				FRAMEWORK_SEARCH_PATHS = "$(inherited)";
				INFOPLIST_FILE = MaxLeapGitTests/Info.plist;
				LD_RUNPATH_SEARCH_PATHS = "$(inherited) @executable_path/Frameworks @loader_path/Frameworks";
				PRODUCT_BUNDLE_IDENTIFIER = "com.youcompany.MaxLeapGit.$(PRODUCT_NAME:rfc1034identifier)";
				PRODUCT_NAME = "$(TARGET_NAME)";
				TEST_HOST = "$(BUILT_PRODUCTS_DIR)/MaxLeapGit.app/MaxLeapGit";
			};
			name = Release;
		};
/* End XCBuildConfiguration section */

/* Begin XCConfigurationList section */
		B43F3F821BB10E180036ECF6 /* Build configuration list for PBXProject "MaxLeapGit" */ = {
			isa = XCConfigurationList;
			buildConfigurations = (
				B43F3FA81BB10E180036ECF6 /* Debug */,
				B43F3FA91BB10E180036ECF6 /* Release */,
			);
			defaultConfigurationIsVisible = 0;
			defaultConfigurationName = Release;
		};
		B43F3FAA1BB10E180036ECF6 /* Build configuration list for PBXNativeTarget "MaxLeapGit" */ = {
			isa = XCConfigurationList;
			buildConfigurations = (
				B43F3FAB1BB10E180036ECF6 /* Debug */,
				B43F3FAC1BB10E180036ECF6 /* Release */,
			);
			defaultConfigurationIsVisible = 0;
			defaultConfigurationName = Release;
		};
		B43F3FAD1BB10E180036ECF6 /* Build configuration list for PBXNativeTarget "MaxLeapGitTests" */ = {
			isa = XCConfigurationList;
			buildConfigurations = (
				B43F3FAE1BB10E180036ECF6 /* Debug */,
				B43F3FAF1BB10E180036ECF6 /* Release */,
			);
			defaultConfigurationIsVisible = 0;
			defaultConfigurationName = Release;
		};
/* End XCConfigurationList section */
	};
	rootObject = B43F3F7F1BB10E180036ECF6 /* Project object */;
}
