// !$*UTF8*$!
{
	archiveVersion = 1;
	classes = {
	};
	objectVersion = 46;
	objects = {

/* Begin PBXBuildFile section */
		B40469571BC764E300E1C5EB /* MLGMWebService.m in Sources */ = {isa = PBXBuildFile; fileRef = B40469561BC764E300E1C5EB /* MLGMWebService.m */; settings = {ASSET_TAGS = (); }; };
		B404695A1BC767CC00E1C5EB /* placehold@2x.png in Resources */ = {isa = PBXBuildFile; fileRef = B40469591BC767CC00E1C5EB /* placehold@2x.png */; settings = {ASSET_TAGS = (); }; };
		B404695D1BC7682E00E1C5EB /* UIView+FrameAccessor.m in Sources */ = {isa = PBXBuildFile; fileRef = B404695C1BC7682E00E1C5EB /* UIView+FrameAccessor.m */; settings = {ASSET_TAGS = (); }; };
		B40469601BC7684100E1C5EB /* UIView+AutoLayout.m in Sources */ = {isa = PBXBuildFile; fileRef = B404695F1BC7684100E1C5EB /* UIView+AutoLayout.m */; settings = {ASSET_TAGS = (); }; };
		B40469631BC7695400E1C5EB /* MLGMAuthViewController.m in Sources */ = {isa = PBXBuildFile; fileRef = B40469621BC7695400E1C5EB /* MLGMAuthViewController.m */; settings = {ASSET_TAGS = (); }; };
		B408C3C51BCB5EE80018634D /* MLGMAccount+CoreDataProperties.m in Sources */ = {isa = PBXBuildFile; fileRef = B408C3B11BCB5EE80018634D /* MLGMAccount+CoreDataProperties.m */; settings = {ASSET_TAGS = (); }; };
		B408C3C61BCB5EE80018634D /* MLGMAccount.m in Sources */ = {isa = PBXBuildFile; fileRef = B408C3B31BCB5EE80018634D /* MLGMAccount.m */; settings = {ASSET_TAGS = (); }; };
		B408C3C71BCB5EE80018634D /* MLGMGene+CoreDataProperties.m in Sources */ = {isa = PBXBuildFile; fileRef = B408C3B51BCB5EE80018634D /* MLGMGene+CoreDataProperties.m */; settings = {ASSET_TAGS = (); }; };
		B408C3C81BCB5EE80018634D /* MLGMGene.m in Sources */ = {isa = PBXBuildFile; fileRef = B408C3B71BCB5EE80018634D /* MLGMGene.m */; settings = {ASSET_TAGS = (); }; };
		B408C3D31BCB64720018634D /* MLGMUserProfile+CoreDataProperties.m in Sources */ = {isa = PBXBuildFile; fileRef = B408C3D01BCB64720018634D /* MLGMUserProfile+CoreDataProperties.m */; settings = {ASSET_TAGS = (); }; };
		B408C3D41BCB64720018634D /* MLGMActorProfile.m in Sources */ = {isa = PBXBuildFile; fileRef = B408C3D21BCB64720018634D /* MLGMActorProfile.m */; settings = {ASSET_TAGS = (); }; };
		B410BAB51BCA359C00E24AFE /* APIReadMe.md in Sources */ = {isa = PBXBuildFile; fileRef = B410BAB41BCA359C00E24AFE /* APIReadMe.md */; settings = {ASSET_TAGS = (); }; };
		B410BAC01BCA36EC00E24AFE /* userPattern.json in Resources */ = {isa = PBXBuildFile; fileRef = B410BAB91BCA36EC00E24AFE /* userPattern.json */; settings = {ASSET_TAGS = (); }; };
		B410BAD11BCA530F00E24AFE /* timelineEventPattern.json in Resources */ = {isa = PBXBuildFile; fileRef = B410BAD01BCA530F00E24AFE /* timelineEventPattern.json */; settings = {ASSET_TAGS = (); }; };
		B411934A1BC6BE6D0069483C /* libz.tbd in Frameworks */ = {isa = PBXBuildFile; fileRef = B41193491BC6BE6D0069483C /* libz.tbd */; };
		B411934C1BC6BE7F0069483C /* libsqlite3.tbd in Frameworks */ = {isa = PBXBuildFile; fileRef = B411934B1BC6BE7F0069483C /* libsqlite3.tbd */; };
		B42264E01BCB6E0B00CD5634 /* reposPattern.json in Resources */ = {isa = PBXBuildFile; fileRef = B42264DF1BCB6E0B00CD5634 /* reposPattern.json */; settings = {ASSET_TAGS = (); }; };
		B42264E51BCB8CF500CD5634 /* MLGMEvent+CoreDataProperties.m in Sources */ = {isa = PBXBuildFile; fileRef = B42264E21BCB8CF500CD5634 /* MLGMEvent+CoreDataProperties.m */; settings = {ASSET_TAGS = (); }; };
		B42264E61BCB8CF500CD5634 /* MLGMEvent.m in Sources */ = {isa = PBXBuildFile; fileRef = B42264E41BCB8CF500CD5634 /* MLGMEvent.m */; settings = {ASSET_TAGS = (); }; };
		B42265111BCBB15000CD5634 /* followerPattern.json in Resources */ = {isa = PBXBuildFile; fileRef = B42265101BCBB15000CD5634 /* followerPattern.json */; settings = {ASSET_TAGS = (); }; };
		B423C3521BCCBC0A0087CE3B /* MLGMAddNewGeneViewController.m in Sources */ = {isa = PBXBuildFile; fileRef = B423C33F1BCCBC0A0087CE3B /* MLGMAddNewGeneViewController.m */; settings = {ASSET_TAGS = (); }; };
		B423C3531BCCBC0A0087CE3B /* MLGMGenesViewController.m in Sources */ = {isa = PBXBuildFile; fileRef = B423C3411BCCBC0A0087CE3B /* MLGMGenesViewController.m */; settings = {ASSET_TAGS = (); }; };
		B423C3541BCCBC0A0087CE3B /* MLGMMyPageViewController.m in Sources */ = {isa = PBXBuildFile; fileRef = B423C3431BCCBC0A0087CE3B /* MLGMMyPageViewController.m */; settings = {ASSET_TAGS = (); }; };
		B423C3551BCCBC0A0087CE3B /* MLGMNavigationController.m in Sources */ = {isa = PBXBuildFile; fileRef = B423C3451BCCBC0A0087CE3B /* MLGMNavigationController.m */; settings = {ASSET_TAGS = (); }; };
		B423C3561BCCBC0A0087CE3B /* MLGMRecommendEmptyView.m in Sources */ = {isa = PBXBuildFile; fileRef = B423C3471BCCBC0A0087CE3B /* MLGMRecommendEmptyView.m */; settings = {ASSET_TAGS = (); }; };
		B423C3571BCCBC0A0087CE3B /* MLGMRecommendViewController.m in Sources */ = {isa = PBXBuildFile; fileRef = B423C3491BCCBC0A0087CE3B /* MLGMRecommendViewController.m */; settings = {ASSET_TAGS = (); }; };
		B423C3581BCCBC0A0087CE3B /* MLGMRepoDetailController.m in Sources */ = {isa = PBXBuildFile; fileRef = B423C34B1BCCBC0A0087CE3B /* MLGMRepoDetailController.m */; settings = {ASSET_TAGS = (); }; };
		B423C3591BCCBC0A0087CE3B /* MLGMSearchViewController.m in Sources */ = {isa = PBXBuildFile; fileRef = B423C34D1BCCBC0A0087CE3B /* MLGMSearchViewController.m */; settings = {ASSET_TAGS = (); }; };
		B423C35A1BCCBC0A0087CE3B /* MLGMSortViewController.m in Sources */ = {isa = PBXBuildFile; fileRef = B423C34F1BCCBC0A0087CE3B /* MLGMSortViewController.m */; settings = {ASSET_TAGS = (); }; };
		B423C35B1BCCBC0A0087CE3B /* MLGMTimeLineViewController.m in Sources */ = {isa = PBXBuildFile; fileRef = B423C3511BCCBC0A0087CE3B /* MLGMTimeLineViewController.m */; settings = {ASSET_TAGS = (); }; };
		B423C3641BCCBC190087CE3B /* MLGMRepoCell.m in Sources */ = {isa = PBXBuildFile; fileRef = B423C35D1BCCBC190087CE3B /* MLGMRepoCell.m */; settings = {ASSET_TAGS = (); }; };
		B423C3651BCCBC190087CE3B /* MLGMTimeLineCell.m in Sources */ = {isa = PBXBuildFile; fileRef = B423C35F1BCCBC190087CE3B /* MLGMTimeLineCell.m */; settings = {ASSET_TAGS = (); }; };
		B423C3661BCCBC190087CE3B /* MLGMUserCell.m in Sources */ = {isa = PBXBuildFile; fileRef = B423C3611BCCBC190087CE3B /* MLGMUserCell.m */; settings = {ASSET_TAGS = (); }; };
		B423C3671BCCBC190087CE3B /* MLGMUserDetailView.m in Sources */ = {isa = PBXBuildFile; fileRef = B423C3631BCCBC190087CE3B /* MLGMUserDetailView.m */; settings = {ASSET_TAGS = (); }; };
		B423C36A1BCCBC340087CE3B /* MLGMStringUtil.m in Sources */ = {isa = PBXBuildFile; fileRef = B423C3691BCCBC340087CE3B /* MLGMStringUtil.m */; settings = {ASSET_TAGS = (); }; };
		B423C36D1BCCDDD50087CE3B /* ILSLeapCloud.framework in Frameworks */ = {isa = PBXBuildFile; fileRef = B423C36B1BCCDDD50087CE3B /* ILSLeapCloud.framework */; settings = {ASSET_TAGS = (); }; };
		B423C36E1BCCDDD50087CE3B /* LeapCloud.framework in Frameworks */ = {isa = PBXBuildFile; fileRef = B423C36C1BCCDDD50087CE3B /* LeapCloud.framework */; settings = {ASSET_TAGS = (); }; };
		B43F3F981BB10E180036ECF6 /* Images.xcassets in Resources */ = {isa = PBXBuildFile; fileRef = B43F3F971BB10E180036ECF6 /* Images.xcassets */; };
		B43F3FA71BB10E180036ECF6 /* MaxLeapGitTests.m in Sources */ = {isa = PBXBuildFile; fileRef = B43F3FA61BB10E180036ECF6 /* MaxLeapGitTests.m */; };
		B43F3FBC1BB10F6A0036ECF6 /* AppDelegate.m in Sources */ = {isa = PBXBuildFile; fileRef = B43F3FBB1BB10F6A0036ECF6 /* AppDelegate.m */; };
		B43F3FBF1BB125D80036ECF6 /* MLGMLoginViewController.m in Sources */ = {isa = PBXBuildFile; fileRef = B43F3FBE1BB125D80036ECF6 /* MLGMLoginViewController.m */; };
		B43F3FC11BB126450036ECF6 /* main.m in Sources */ = {isa = PBXBuildFile; fileRef = B43F3FC01BB126450036ECF6 /* main.m */; };
		B43F3FC61BB12BCB0036ECF6 /* libFlurry_7.0.0.a in Frameworks */ = {isa = PBXBuildFile; fileRef = B43F3FC51BB12BCB0036ECF6 /* libFlurry_7.0.0.a */; };
		B44204FF1BC79BF5007F28CA /* NSDictionary+Extension.m in Sources */ = {isa = PBXBuildFile; fileRef = B44204FC1BC79BF5007F28CA /* NSDictionary+Extension.m */; settings = {ASSET_TAGS = (); }; };
		B44205001BC79BF5007F28CA /* NSString+Extension.m in Sources */ = {isa = PBXBuildFile; fileRef = B44204FE1BC79BF5007F28CA /* NSString+Extension.m */; settings = {ASSET_TAGS = (); }; };
		B44ED8531BC8C979003443B9 /* NSBundle+Extension.m in Sources */ = {isa = PBXBuildFile; fileRef = B44ED8521BC8C979003443B9 /* NSBundle+Extension.m */; settings = {ASSET_TAGS = (); }; };
		B45582B61BC8010500336B9E /* MaxLeapGit.xcdatamodeld in Sources */ = {isa = PBXBuildFile; fileRef = B45582B41BC8010500336B9E /* MaxLeapGit.xcdatamodeld */; settings = {ASSET_TAGS = (); }; };
		B4653D661BCBF58400D6F82B /* MLGMRepo+CoreDataProperties.m in Sources */ = {isa = PBXBuildFile; fileRef = B4653D631BCBF58400D6F82B /* MLGMRepo+CoreDataProperties.m */; settings = {ASSET_TAGS = (); }; };
		B4653D671BCBF58400D6F82B /* MLGMRepo.m in Sources */ = {isa = PBXBuildFile; fileRef = B4653D651BCBF58400D6F82B /* MLGMRepo.m */; settings = {ASSET_TAGS = (); }; };
		B4D249311BC7707900A719E6 /* UIImage+Extension.m in Sources */ = {isa = PBXBuildFile; fileRef = B4D249301BC7707900A719E6 /* UIImage+Extension.m */; settings = {ASSET_TAGS = (); }; };
		B4E69C551BC8B875008993A7 /* MLGMWebService+Convenience.m in Sources */ = {isa = PBXBuildFile; fileRef = B4E69C541BC8B875008993A7 /* MLGMWebService+Convenience.m */; settings = {ASSET_TAGS = (); }; };
		B4E69C5A1BC8B940008993A7 /* JSONValidation.m in Sources */ = {isa = PBXBuildFile; fileRef = B4E69C591BC8B940008993A7 /* JSONValidation.m */; settings = {ASSET_TAGS = (); }; };
		B4FFE4761BC7AB3B0011EE2D /* MLGMError.m in Sources */ = {isa = PBXBuildFile; fileRef = B4FFE4751BC7AB3B0011EE2D /* MLGMError.m */; settings = {ASSET_TAGS = (); }; };
		B93786E2BEF594F94DA3446F /* libPods.a in Frameworks */ = {isa = PBXBuildFile; fileRef = 6A5172BC9B65FADD5B99762D /* libPods.a */; };
/* End PBXBuildFile section */

/* Begin PBXContainerItemProxy section */
		B43F3FA11BB10E180036ECF6 /* PBXContainerItemProxy */ = {
			isa = PBXContainerItemProxy;
			containerPortal = B43F3F7F1BB10E180036ECF6 /* Project object */;
			proxyType = 1;
			remoteGlobalIDString = B43F3F861BB10E180036ECF6;
			remoteInfo = MaxLeapGit;
		};
/* End PBXContainerItemProxy section */

/* Begin PBXFileReference section */
		22E4148FE84D787D13499179 /* Pods.debug.xcconfig */ = {isa = PBXFileReference; includeInIndex = 1; lastKnownFileType = text.xcconfig; name = Pods.debug.xcconfig; path = "Pods/Target Support Files/Pods/Pods.debug.xcconfig"; sourceTree = "<group>"; };
		6A5172BC9B65FADD5B99762D /* libPods.a */ = {isa = PBXFileReference; explicitFileType = archive.ar; includeInIndex = 0; path = libPods.a; sourceTree = BUILT_PRODUCTS_DIR; };
		B40469551BC764E300E1C5EB /* MLGMWebService.h */ = {isa = PBXFileReference; fileEncoding = 4; lastKnownFileType = sourcecode.c.h; path = MLGMWebService.h; sourceTree = "<group>"; };
		B40469561BC764E300E1C5EB /* MLGMWebService.m */ = {isa = PBXFileReference; fileEncoding = 4; lastKnownFileType = sourcecode.c.objc; path = MLGMWebService.m; sourceTree = "<group>"; };
		B40469591BC767CC00E1C5EB /* placehold@2x.png */ = {isa = PBXFileReference; lastKnownFileType = image.png; path = "placehold@2x.png"; sourceTree = "<group>"; };
		B404695B1BC7682E00E1C5EB /* UIView+FrameAccessor.h */ = {isa = PBXFileReference; fileEncoding = 4; lastKnownFileType = sourcecode.c.h; path = "UIView+FrameAccessor.h"; sourceTree = "<group>"; };
		B404695C1BC7682E00E1C5EB /* UIView+FrameAccessor.m */ = {isa = PBXFileReference; fileEncoding = 4; lastKnownFileType = sourcecode.c.objc; path = "UIView+FrameAccessor.m"; sourceTree = "<group>"; };
		B404695E1BC7684100E1C5EB /* UIView+AutoLayout.h */ = {isa = PBXFileReference; fileEncoding = 4; lastKnownFileType = sourcecode.c.h; path = "UIView+AutoLayout.h"; sourceTree = "<group>"; };
		B404695F1BC7684100E1C5EB /* UIView+AutoLayout.m */ = {isa = PBXFileReference; fileEncoding = 4; lastKnownFileType = sourcecode.c.objc; path = "UIView+AutoLayout.m"; sourceTree = "<group>"; };
		B40469611BC7695400E1C5EB /* MLGMAuthViewController.h */ = {isa = PBXFileReference; fileEncoding = 4; lastKnownFileType = sourcecode.c.h; path = MLGMAuthViewController.h; sourceTree = "<group>"; };
		B40469621BC7695400E1C5EB /* MLGMAuthViewController.m */ = {isa = PBXFileReference; fileEncoding = 4; lastKnownFileType = sourcecode.c.objc; path = MLGMAuthViewController.m; sourceTree = "<group>"; };
		B405FB741BB12953002F972F /* PrefixHeader.pch */ = {isa = PBXFileReference; lastKnownFileType = sourcecode.c.h; path = PrefixHeader.pch; sourceTree = "<group>"; };
		B408C3B01BCB5EE80018634D /* MLGMAccount+CoreDataProperties.h */ = {isa = PBXFileReference; fileEncoding = 4; lastKnownFileType = sourcecode.c.h; path = "MLGMAccount+CoreDataProperties.h"; sourceTree = "<group>"; };
		B408C3B11BCB5EE80018634D /* MLGMAccount+CoreDataProperties.m */ = {isa = PBXFileReference; fileEncoding = 4; lastKnownFileType = sourcecode.c.objc; path = "MLGMAccount+CoreDataProperties.m"; sourceTree = "<group>"; };
		B408C3B21BCB5EE80018634D /* MLGMAccount.h */ = {isa = PBXFileReference; fileEncoding = 4; lastKnownFileType = sourcecode.c.h; path = MLGMAccount.h; sourceTree = "<group>"; };
		B408C3B31BCB5EE80018634D /* MLGMAccount.m */ = {isa = PBXFileReference; fileEncoding = 4; lastKnownFileType = sourcecode.c.objc; path = MLGMAccount.m; sourceTree = "<group>"; };
		B408C3B41BCB5EE80018634D /* MLGMGene+CoreDataProperties.h */ = {isa = PBXFileReference; fileEncoding = 4; lastKnownFileType = sourcecode.c.h; path = "MLGMGene+CoreDataProperties.h"; sourceTree = "<group>"; };
		B408C3B51BCB5EE80018634D /* MLGMGene+CoreDataProperties.m */ = {isa = PBXFileReference; fileEncoding = 4; lastKnownFileType = sourcecode.c.objc; path = "MLGMGene+CoreDataProperties.m"; sourceTree = "<group>"; };
		B408C3B61BCB5EE80018634D /* MLGMGene.h */ = {isa = PBXFileReference; fileEncoding = 4; lastKnownFileType = sourcecode.c.h; path = MLGMGene.h; sourceTree = "<group>"; };
		B408C3B71BCB5EE80018634D /* MLGMGene.m */ = {isa = PBXFileReference; fileEncoding = 4; lastKnownFileType = sourcecode.c.objc; path = MLGMGene.m; sourceTree = "<group>"; };
		B408C3CF1BCB64720018634D /* MLGMUserProfile+CoreDataProperties.h */ = {isa = PBXFileReference; fileEncoding = 4; lastKnownFileType = sourcecode.c.h; path = "MLGMUserProfile+CoreDataProperties.h"; sourceTree = "<group>"; };
		B408C3D01BCB64720018634D /* MLGMUserProfile+CoreDataProperties.m */ = {isa = PBXFileReference; fileEncoding = 4; lastKnownFileType = sourcecode.c.objc; path = "MLGMUserProfile+CoreDataProperties.m"; sourceTree = "<group>"; };
		B408C3D11BCB64720018634D /* MLGMActorProfile.h */ = {isa = PBXFileReference; fileEncoding = 4; lastKnownFileType = sourcecode.c.h; path = MLGMActorProfile.h; sourceTree = "<group>"; };
		B408C3D21BCB64720018634D /* MLGMActorProfile.m */ = {isa = PBXFileReference; fileEncoding = 4; lastKnownFileType = sourcecode.c.objc; path = MLGMActorProfile.m; sourceTree = "<group>"; };
		B410BAB41BCA359C00E24AFE /* APIReadMe.md */ = {isa = PBXFileReference; fileEncoding = 4; lastKnownFileType = net.daringfireball.markdown; path = APIReadMe.md; sourceTree = "<group>"; };
		B410BAB91BCA36EC00E24AFE /* userPattern.json */ = {isa = PBXFileReference; fileEncoding = 4; lastKnownFileType = text.json; path = userPattern.json; sourceTree = "<group>"; };
		B410BABB1BCA36EC00E24AFE /* event.json */ = {isa = PBXFileReference; fileEncoding = 4; lastKnownFileType = text.json; path = event.json; sourceTree = "<group>"; };
		B410BABC1BCA36EC00E24AFE /* organization.json */ = {isa = PBXFileReference; fileEncoding = 4; lastKnownFileType = text.json; path = organization.json; sourceTree = "<group>"; };
		B410BABD1BCA36EC00E24AFE /* organizationEvent.json */ = {isa = PBXFileReference; fileEncoding = 4; lastKnownFileType = text.json; path = organizationEvent.json; sourceTree = "<group>"; };
		B410BABF1BCA36EC00E24AFE /* user.json */ = {isa = PBXFileReference; fileEncoding = 4; lastKnownFileType = text.json; path = user.json; sourceTree = "<group>"; };
		B410BAC81BCA406300E24AFE /* repos.json */ = {isa = PBXFileReference; fileEncoding = 4; lastKnownFileType = text.json; path = repos.json; sourceTree = "<group>"; };
		B410BAD01BCA530F00E24AFE /* timelineEventPattern.json */ = {isa = PBXFileReference; fileEncoding = 4; lastKnownFileType = text.json; path = timelineEventPattern.json; sourceTree = "<group>"; };
		B410BAE11BCA851A00E24AFE /* staredRepo.json */ = {isa = PBXFileReference; fileEncoding = 4; lastKnownFileType = text.json; path = staredRepo.json; sourceTree = "<group>"; };
		B41193491BC6BE6D0069483C /* libz.tbd */ = {isa = PBXFileReference; lastKnownFileType = "sourcecode.text-based-dylib-definition"; name = libz.tbd; path = usr/lib/libz.tbd; sourceTree = SDKROOT; };
		B411934B1BC6BE7F0069483C /* libsqlite3.tbd */ = {isa = PBXFileReference; lastKnownFileType = "sourcecode.text-based-dylib-definition"; name = libsqlite3.tbd; path = usr/lib/libsqlite3.tbd; sourceTree = SDKROOT; };
		B42264DF1BCB6E0B00CD5634 /* reposPattern.json */ = {isa = PBXFileReference; fileEncoding = 4; lastKnownFileType = text.json; path = reposPattern.json; sourceTree = "<group>"; };
		B42264E11BCB8CF500CD5634 /* MLGMEvent+CoreDataProperties.h */ = {isa = PBXFileReference; fileEncoding = 4; lastKnownFileType = sourcecode.c.h; path = "MLGMEvent+CoreDataProperties.h"; sourceTree = "<group>"; };
		B42264E21BCB8CF500CD5634 /* MLGMEvent+CoreDataProperties.m */ = {isa = PBXFileReference; fileEncoding = 4; lastKnownFileType = sourcecode.c.objc; path = "MLGMEvent+CoreDataProperties.m"; sourceTree = "<group>"; };
		B42264E31BCB8CF500CD5634 /* MLGMEvent.h */ = {isa = PBXFileReference; fileEncoding = 4; lastKnownFileType = sourcecode.c.h; path = MLGMEvent.h; sourceTree = "<group>"; };
		B42264E41BCB8CF500CD5634 /* MLGMEvent.m */ = {isa = PBXFileReference; fileEncoding = 4; lastKnownFileType = sourcecode.c.objc; path = MLGMEvent.m; sourceTree = "<group>"; };
		B42264E81BCB90F000CD5634 /* CreateEvent.json */ = {isa = PBXFileReference; fileEncoding = 4; lastKnownFileType = text.json; path = CreateEvent.json; sourceTree = "<group>"; };
		B42264EA1BCB912400CD5634 /* IssueCommentEvent.json */ = {isa = PBXFileReference; fileEncoding = 4; lastKnownFileType = text.json; path = IssueCommentEvent.json; sourceTree = "<group>"; };
		B42264EC1BCB919C00CD5634 /* WatchEvent.json */ = {isa = PBXFileReference; fileEncoding = 4; lastKnownFileType = text.json; path = WatchEvent.json; sourceTree = "<group>"; };
		B42264EE1BCB91D200CD5634 /* PullRequestEvent.json */ = {isa = PBXFileReference; fileEncoding = 4; lastKnownFileType = text.json; path = PullRequestEvent.json; sourceTree = "<group>"; };
		B42264F01BCB922E00CD5634 /* PushEvent.json */ = {isa = PBXFileReference; fileEncoding = 4; lastKnownFileType = text.json; path = PushEvent.json; sourceTree = "<group>"; };
		B42264F21BCB936600CD5634 /* IssuesEvent.json */ = {isa = PBXFileReference; fileEncoding = 4; lastKnownFileType = text.json; path = IssuesEvent.json; sourceTree = "<group>"; };
		B42264F41BCB939900CD5634 /* ForkEvent.json */ = {isa = PBXFileReference; fileEncoding = 4; lastKnownFileType = text.json; path = ForkEvent.json; sourceTree = "<group>"; };
		B42264F61BCB93F900CD5634 /* MemberEvent.json */ = {isa = PBXFileReference; fileEncoding = 4; lastKnownFileType = text.json; path = MemberEvent.json; sourceTree = "<group>"; };
		B42264F81BCB953700CD5634 /* ReleaseEvent.json */ = {isa = PBXFileReference; fileEncoding = 4; lastKnownFileType = text.json; path = ReleaseEvent.json; sourceTree = "<group>"; };
		B42264FA1BCB956200CD5634 /* CommitCommentEvent.json */ = {isa = PBXFileReference; fileEncoding = 4; lastKnownFileType = text.json; path = CommitCommentEvent.json; sourceTree = "<group>"; };
		B42264FC1BCB967000CD5634 /* DeleteEvent.json */ = {isa = PBXFileReference; fileEncoding = 4; lastKnownFileType = text.json; path = DeleteEvent.json; sourceTree = "<group>"; };
		B42264FE1BCB969F00CD5634 /* GollumEvent.json */ = {isa = PBXFileReference; fileEncoding = 4; lastKnownFileType = text.json; path = GollumEvent.json; sourceTree = "<group>"; };
		B42265001BCB96F000CD5634 /* PublicEvent.json */ = {isa = PBXFileReference; fileEncoding = 4; lastKnownFileType = text.json; path = PublicEvent.json; sourceTree = "<group>"; };
		B42265021BCB973500CD5634 /* PullRequestReviewCommentEvent.json */ = {isa = PBXFileReference; fileEncoding = 4; lastKnownFileType = text.json; path = PullRequestReviewCommentEvent.json; sourceTree = "<group>"; };
		B42265041BCB9AAE00CD5634 /* AllEvent.json */ = {isa = PBXFileReference; fileEncoding = 4; lastKnownFileType = text.json; path = AllEvent.json; sourceTree = "<group>"; };
		B42265061BCB9E0000CD5634 /* IMG_1.PNG */ = {isa = PBXFileReference; lastKnownFileType = image.png; path = IMG_1.PNG; sourceTree = "<group>"; };
		B42265071BCB9E0000CD5634 /* IMG_2.PNG */ = {isa = PBXFileReference; lastKnownFileType = image.png; path = IMG_2.PNG; sourceTree = "<group>"; };
		B42265081BCB9E0000CD5634 /* IMG_3.PNG */ = {isa = PBXFileReference; lastKnownFileType = image.png; path = IMG_3.PNG; sourceTree = "<group>"; };
		B422650C1BCBB12100CD5634 /* follower.json */ = {isa = PBXFileReference; fileEncoding = 4; lastKnownFileType = text.json; path = follower.json; sourceTree = "<group>"; };
		B42265101BCBB15000CD5634 /* followerPattern.json */ = {isa = PBXFileReference; fileEncoding = 4; lastKnownFileType = text.json; path = followerPattern.json; sourceTree = "<group>"; };
		B423C33E1BCCBC0A0087CE3B /* MLGMAddNewGeneViewController.h */ = {isa = PBXFileReference; fileEncoding = 4; lastKnownFileType = sourcecode.c.h; path = MLGMAddNewGeneViewController.h; sourceTree = "<group>"; };
		B423C33F1BCCBC0A0087CE3B /* MLGMAddNewGeneViewController.m */ = {isa = PBXFileReference; fileEncoding = 4; lastKnownFileType = sourcecode.c.objc; path = MLGMAddNewGeneViewController.m; sourceTree = "<group>"; };
		B423C3401BCCBC0A0087CE3B /* MLGMGenesViewController.h */ = {isa = PBXFileReference; fileEncoding = 4; lastKnownFileType = sourcecode.c.h; path = MLGMGenesViewController.h; sourceTree = "<group>"; };
		B423C3411BCCBC0A0087CE3B /* MLGMGenesViewController.m */ = {isa = PBXFileReference; fileEncoding = 4; lastKnownFileType = sourcecode.c.objc; path = MLGMGenesViewController.m; sourceTree = "<group>"; };
		B423C3421BCCBC0A0087CE3B /* MLGMMyPageViewController.h */ = {isa = PBXFileReference; fileEncoding = 4; lastKnownFileType = sourcecode.c.h; path = MLGMMyPageViewController.h; sourceTree = "<group>"; };
		B423C3431BCCBC0A0087CE3B /* MLGMMyPageViewController.m */ = {isa = PBXFileReference; fileEncoding = 4; lastKnownFileType = sourcecode.c.objc; path = MLGMMyPageViewController.m; sourceTree = "<group>"; };
		B423C3441BCCBC0A0087CE3B /* MLGMNavigationController.h */ = {isa = PBXFileReference; fileEncoding = 4; lastKnownFileType = sourcecode.c.h; path = MLGMNavigationController.h; sourceTree = "<group>"; };
		B423C3451BCCBC0A0087CE3B /* MLGMNavigationController.m */ = {isa = PBXFileReference; fileEncoding = 4; lastKnownFileType = sourcecode.c.objc; path = MLGMNavigationController.m; sourceTree = "<group>"; };
		B423C3461BCCBC0A0087CE3B /* MLGMRecommendEmptyView.h */ = {isa = PBXFileReference; fileEncoding = 4; lastKnownFileType = sourcecode.c.h; path = MLGMRecommendEmptyView.h; sourceTree = "<group>"; };
		B423C3471BCCBC0A0087CE3B /* MLGMRecommendEmptyView.m */ = {isa = PBXFileReference; fileEncoding = 4; lastKnownFileType = sourcecode.c.objc; path = MLGMRecommendEmptyView.m; sourceTree = "<group>"; };
		B423C3481BCCBC0A0087CE3B /* MLGMRecommendViewController.h */ = {isa = PBXFileReference; fileEncoding = 4; lastKnownFileType = sourcecode.c.h; path = MLGMRecommendViewController.h; sourceTree = "<group>"; };
		B423C3491BCCBC0A0087CE3B /* MLGMRecommendViewController.m */ = {isa = PBXFileReference; fileEncoding = 4; lastKnownFileType = sourcecode.c.objc; path = MLGMRecommendViewController.m; sourceTree = "<group>"; };
		B423C34A1BCCBC0A0087CE3B /* MLGMRepoDetailController.h */ = {isa = PBXFileReference; fileEncoding = 4; lastKnownFileType = sourcecode.c.h; path = MLGMRepoDetailController.h; sourceTree = "<group>"; };
		B423C34B1BCCBC0A0087CE3B /* MLGMRepoDetailController.m */ = {isa = PBXFileReference; fileEncoding = 4; lastKnownFileType = sourcecode.c.objc; path = MLGMRepoDetailController.m; sourceTree = "<group>"; };
		B423C34C1BCCBC0A0087CE3B /* MLGMSearchViewController.h */ = {isa = PBXFileReference; fileEncoding = 4; lastKnownFileType = sourcecode.c.h; path = MLGMSearchViewController.h; sourceTree = "<group>"; };
		B423C34D1BCCBC0A0087CE3B /* MLGMSearchViewController.m */ = {isa = PBXFileReference; fileEncoding = 4; lastKnownFileType = sourcecode.c.objc; path = MLGMSearchViewController.m; sourceTree = "<group>"; };
		B423C34E1BCCBC0A0087CE3B /* MLGMSortViewController.h */ = {isa = PBXFileReference; fileEncoding = 4; lastKnownFileType = sourcecode.c.h; path = MLGMSortViewController.h; sourceTree = "<group>"; };
		B423C34F1BCCBC0A0087CE3B /* MLGMSortViewController.m */ = {isa = PBXFileReference; fileEncoding = 4; lastKnownFileType = sourcecode.c.objc; path = MLGMSortViewController.m; sourceTree = "<group>"; };
		B423C3501BCCBC0A0087CE3B /* MLGMTimeLineViewController.h */ = {isa = PBXFileReference; fileEncoding = 4; lastKnownFileType = sourcecode.c.h; path = MLGMTimeLineViewController.h; sourceTree = "<group>"; };
		B423C3511BCCBC0A0087CE3B /* MLGMTimeLineViewController.m */ = {isa = PBXFileReference; fileEncoding = 4; lastKnownFileType = sourcecode.c.objc; path = MLGMTimeLineViewController.m; sourceTree = "<group>"; };
		B423C35C1BCCBC190087CE3B /* MLGMRepoCell.h */ = {isa = PBXFileReference; fileEncoding = 4; lastKnownFileType = sourcecode.c.h; path = MLGMRepoCell.h; sourceTree = "<group>"; };
		B423C35D1BCCBC190087CE3B /* MLGMRepoCell.m */ = {isa = PBXFileReference; fileEncoding = 4; lastKnownFileType = sourcecode.c.objc; path = MLGMRepoCell.m; sourceTree = "<group>"; };
		B423C35E1BCCBC190087CE3B /* MLGMTimeLineCell.h */ = {isa = PBXFileReference; fileEncoding = 4; lastKnownFileType = sourcecode.c.h; path = MLGMTimeLineCell.h; sourceTree = "<group>"; };
		B423C35F1BCCBC190087CE3B /* MLGMTimeLineCell.m */ = {isa = PBXFileReference; fileEncoding = 4; lastKnownFileType = sourcecode.c.objc; path = MLGMTimeLineCell.m; sourceTree = "<group>"; };
		B423C3601BCCBC190087CE3B /* MLGMUserCell.h */ = {isa = PBXFileReference; fileEncoding = 4; lastKnownFileType = sourcecode.c.h; path = MLGMUserCell.h; sourceTree = "<group>"; };
		B423C3611BCCBC190087CE3B /* MLGMUserCell.m */ = {isa = PBXFileReference; fileEncoding = 4; lastKnownFileType = sourcecode.c.objc; path = MLGMUserCell.m; sourceTree = "<group>"; };
		B423C3621BCCBC190087CE3B /* MLGMUserDetailView.h */ = {isa = PBXFileReference; fileEncoding = 4; lastKnownFileType = sourcecode.c.h; path = MLGMUserDetailView.h; sourceTree = "<group>"; };
		B423C3631BCCBC190087CE3B /* MLGMUserDetailView.m */ = {isa = PBXFileReference; fileEncoding = 4; lastKnownFileType = sourcecode.c.objc; path = MLGMUserDetailView.m; sourceTree = "<group>"; };
		B423C3681BCCBC340087CE3B /* MLGMStringUtil.h */ = {isa = PBXFileReference; fileEncoding = 4; lastKnownFileType = sourcecode.c.h; path = MLGMStringUtil.h; sourceTree = "<group>"; };
		B423C3691BCCBC340087CE3B /* MLGMStringUtil.m */ = {isa = PBXFileReference; fileEncoding = 4; lastKnownFileType = sourcecode.c.objc; path = MLGMStringUtil.m; sourceTree = "<group>"; };
		B423C36B1BCCDDD50087CE3B /* ILSLeapCloud.framework */ = {isa = PBXFileReference; lastKnownFileType = wrapper.framework; path = ILSLeapCloud.framework; sourceTree = "<group>"; };
		B423C36C1BCCDDD50087CE3B /* LeapCloud.framework */ = {isa = PBXFileReference; lastKnownFileType = wrapper.framework; path = LeapCloud.framework; sourceTree = "<group>"; };
		B43F3F871BB10E180036ECF6 /* MaxLeapGit.app */ = {isa = PBXFileReference; explicitFileType = wrapper.application; includeInIndex = 0; path = MaxLeapGit.app; sourceTree = BUILT_PRODUCTS_DIR; };
		B43F3F8B1BB10E180036ECF6 /* Info.plist */ = {isa = PBXFileReference; lastKnownFileType = text.plist.xml; path = Info.plist; sourceTree = "<group>"; };
		B43F3F971BB10E180036ECF6 /* Images.xcassets */ = {isa = PBXFileReference; lastKnownFileType = folder.assetcatalog; path = Images.xcassets; sourceTree = "<group>"; };
		B43F3FA01BB10E180036ECF6 /* MaxLeapGitTests.xctest */ = {isa = PBXFileReference; explicitFileType = wrapper.cfbundle; includeInIndex = 0; path = MaxLeapGitTests.xctest; sourceTree = BUILT_PRODUCTS_DIR; };
		B43F3FA51BB10E180036ECF6 /* Info.plist */ = {isa = PBXFileReference; lastKnownFileType = text.plist.xml; path = Info.plist; sourceTree = "<group>"; };
		B43F3FA61BB10E180036ECF6 /* MaxLeapGitTests.m */ = {isa = PBXFileReference; lastKnownFileType = sourcecode.c.objc; path = MaxLeapGitTests.m; sourceTree = "<group>"; };
		B43F3FBA1BB10F6A0036ECF6 /* AppDelegate.h */ = {isa = PBXFileReference; fileEncoding = 4; lastKnownFileType = sourcecode.c.h; path = AppDelegate.h; sourceTree = "<group>"; };
		B43F3FBB1BB10F6A0036ECF6 /* AppDelegate.m */ = {isa = PBXFileReference; fileEncoding = 4; lastKnownFileType = sourcecode.c.objc; path = AppDelegate.m; sourceTree = "<group>"; };
		B43F3FBD1BB125D80036ECF6 /* MLGMLoginViewController.h */ = {isa = PBXFileReference; fileEncoding = 4; lastKnownFileType = sourcecode.c.h; path = MLGMLoginViewController.h; sourceTree = "<group>"; };
		B43F3FBE1BB125D80036ECF6 /* MLGMLoginViewController.m */ = {isa = PBXFileReference; fileEncoding = 4; lastKnownFileType = sourcecode.c.objc; path = MLGMLoginViewController.m; sourceTree = "<group>"; };
		B43F3FC01BB126450036ECF6 /* main.m */ = {isa = PBXFileReference; fileEncoding = 4; lastKnownFileType = sourcecode.c.objc; path = main.m; sourceTree = "<group>"; };
		B43F3FC31BB12BCB0036ECF6 /* Flurry.h */ = {isa = PBXFileReference; fileEncoding = 4; lastKnownFileType = sourcecode.c.h; path = Flurry.h; sourceTree = "<group>"; };
		B43F3FC41BB12BCB0036ECF6 /* FlurryWatch.h */ = {isa = PBXFileReference; fileEncoding = 4; lastKnownFileType = sourcecode.c.h; path = FlurryWatch.h; sourceTree = "<group>"; };
		B43F3FC51BB12BCB0036ECF6 /* libFlurry_7.0.0.a */ = {isa = PBXFileReference; lastKnownFileType = archive.ar; path = libFlurry_7.0.0.a; sourceTree = "<group>"; };
		B44204FB1BC79BF5007F28CA /* NSDictionary+Extension.h */ = {isa = PBXFileReference; fileEncoding = 4; lastKnownFileType = sourcecode.c.h; path = "NSDictionary+Extension.h"; sourceTree = "<group>"; };
		B44204FC1BC79BF5007F28CA /* NSDictionary+Extension.m */ = {isa = PBXFileReference; fileEncoding = 4; lastKnownFileType = sourcecode.c.objc; path = "NSDictionary+Extension.m"; sourceTree = "<group>"; };
		B44204FD1BC79BF5007F28CA /* NSString+Extension.h */ = {isa = PBXFileReference; fileEncoding = 4; lastKnownFileType = sourcecode.c.h; path = "NSString+Extension.h"; sourceTree = "<group>"; };
		B44204FE1BC79BF5007F28CA /* NSString+Extension.m */ = {isa = PBXFileReference; fileEncoding = 4; lastKnownFileType = sourcecode.c.objc; path = "NSString+Extension.m"; sourceTree = "<group>"; };
		B44ED8511BC8C979003443B9 /* NSBundle+Extension.h */ = {isa = PBXFileReference; fileEncoding = 4; lastKnownFileType = sourcecode.c.h; path = "NSBundle+Extension.h"; sourceTree = "<group>"; };
		B44ED8521BC8C979003443B9 /* NSBundle+Extension.m */ = {isa = PBXFileReference; fileEncoding = 4; lastKnownFileType = sourcecode.c.objc; path = "NSBundle+Extension.m"; sourceTree = "<group>"; };
		B45582B51BC8010500336B9E /* MaxLeapGit.xcdatamodel */ = {isa = PBXFileReference; lastKnownFileType = wrapper.xcdatamodel; path = MaxLeapGit.xcdatamodel; sourceTree = "<group>"; };
		B4653D621BCBF58400D6F82B /* MLGMRepo+CoreDataProperties.h */ = {isa = PBXFileReference; fileEncoding = 4; lastKnownFileType = sourcecode.c.h; path = "MLGMRepo+CoreDataProperties.h"; sourceTree = "<group>"; };
		B4653D631BCBF58400D6F82B /* MLGMRepo+CoreDataProperties.m */ = {isa = PBXFileReference; fileEncoding = 4; lastKnownFileType = sourcecode.c.objc; path = "MLGMRepo+CoreDataProperties.m"; sourceTree = "<group>"; };
		B4653D641BCBF58400D6F82B /* MLGMRepo.h */ = {isa = PBXFileReference; fileEncoding = 4; lastKnownFileType = sourcecode.c.h; path = MLGMRepo.h; sourceTree = "<group>"; };
		B4653D651BCBF58400D6F82B /* MLGMRepo.m */ = {isa = PBXFileReference; fileEncoding = 4; lastKnownFileType = sourcecode.c.objc; path = MLGMRepo.m; sourceTree = "<group>"; };
		B4D2492F1BC7707900A719E6 /* UIImage+Extension.h */ = {isa = PBXFileReference; fileEncoding = 4; lastKnownFileType = sourcecode.c.h; path = "UIImage+Extension.h"; sourceTree = "<group>"; };
		B4D249301BC7707900A719E6 /* UIImage+Extension.m */ = {isa = PBXFileReference; fileEncoding = 4; lastKnownFileType = sourcecode.c.objc; path = "UIImage+Extension.m"; sourceTree = "<group>"; };
		B4E69C531BC8B875008993A7 /* MLGMWebService+Convenience.h */ = {isa = PBXFileReference; fileEncoding = 4; lastKnownFileType = sourcecode.c.h; path = "MLGMWebService+Convenience.h"; sourceTree = "<group>"; };
		B4E69C541BC8B875008993A7 /* MLGMWebService+Convenience.m */ = {isa = PBXFileReference; fileEncoding = 4; lastKnownFileType = sourcecode.c.objc; path = "MLGMWebService+Convenience.m"; sourceTree = "<group>"; };
		B4E69C581BC8B940008993A7 /* JSONValidation.h */ = {isa = PBXFileReference; fileEncoding = 4; lastKnownFileType = sourcecode.c.h; path = JSONValidation.h; sourceTree = "<group>"; };
		B4E69C591BC8B940008993A7 /* JSONValidation.m */ = {isa = PBXFileReference; fileEncoding = 4; lastKnownFileType = sourcecode.c.objc; path = JSONValidation.m; sourceTree = "<group>"; };
		B4FFE4741BC7AB3B0011EE2D /* MLGMError.h */ = {isa = PBXFileReference; fileEncoding = 4; lastKnownFileType = sourcecode.c.h; path = MLGMError.h; sourceTree = "<group>"; };
		B4FFE4751BC7AB3B0011EE2D /* MLGMError.m */ = {isa = PBXFileReference; fileEncoding = 4; lastKnownFileType = sourcecode.c.objc; path = MLGMError.m; sourceTree = "<group>"; };
		E260566CA9D865B12FF82152 /* Pods.release.xcconfig */ = {isa = PBXFileReference; includeInIndex = 1; lastKnownFileType = text.xcconfig; name = Pods.release.xcconfig; path = "Pods/Target Support Files/Pods/Pods.release.xcconfig"; sourceTree = "<group>"; };
/* End PBXFileReference section */

/* Begin PBXFrameworksBuildPhase section */
		B43F3F841BB10E180036ECF6 /* Frameworks */ = {
			isa = PBXFrameworksBuildPhase;
			buildActionMask = 2147483647;
			files = (
				B411934C1BC6BE7F0069483C /* libsqlite3.tbd in Frameworks */,
				B411934A1BC6BE6D0069483C /* libz.tbd in Frameworks */,
				B423C36E1BCCDDD50087CE3B /* LeapCloud.framework in Frameworks */,
				B423C36D1BCCDDD50087CE3B /* ILSLeapCloud.framework in Frameworks */,
				B93786E2BEF594F94DA3446F /* libPods.a in Frameworks */,
				B43F3FC61BB12BCB0036ECF6 /* libFlurry_7.0.0.a in Frameworks */,
			);
			runOnlyForDeploymentPostprocessing = 0;
		};
		B43F3F9D1BB10E180036ECF6 /* Frameworks */ = {
			isa = PBXFrameworksBuildPhase;
			buildActionMask = 2147483647;
			files = (
			);
			runOnlyForDeploymentPostprocessing = 0;
		};
/* End PBXFrameworksBuildPhase section */

/* Begin PBXGroup section */
		3C69B6FF8A044E7D3257C6FC /* Pods */ = {
			isa = PBXGroup;
			children = (
				22E4148FE84D787D13499179 /* Pods.debug.xcconfig */,
				E260566CA9D865B12FF82152 /* Pods.release.xcconfig */,
			);
			name = Pods;
			sourceTree = "<group>";
		};
		79C7B2825FDB2A1289F5C11B /* Frameworks */ = {
			isa = PBXGroup;
			children = (
				B411934B1BC6BE7F0069483C /* libsqlite3.tbd */,
				B41193491BC6BE6D0069483C /* libz.tbd */,
				6A5172BC9B65FADD5B99762D /* libPods.a */,
			);
			name = Frameworks;
			sourceTree = "<group>";
		};
		B40469541BC764CE00E1C5EB /* Services */ = {
			isa = PBXGroup;
			children = (
				B40469551BC764E300E1C5EB /* MLGMWebService.h */,
				B40469561BC764E300E1C5EB /* MLGMWebService.m */,
				B4E69C531BC8B875008993A7 /* MLGMWebService+Convenience.h */,
				B4E69C541BC8B875008993A7 /* MLGMWebService+Convenience.m */,
			);
			path = Services;
			sourceTree = "<group>";
		};
		B40469581BC767CC00E1C5EB /* Resources */ = {
			isa = PBXGroup;
			children = (
				B40469591BC767CC00E1C5EB /* placehold@2x.png */,
				B410BAB41BCA359C00E24AFE /* APIReadMe.md */,
				B410BAB81BCA36EC00E24AFE /* JSONPattern */,
				B410BABA1BCA36EC00E24AFE /* JSONSample */,
			);
			path = Resources;
			sourceTree = "<group>";
		};
		B408C3AF1BCB5EE80018634D /* NSManageObject */ = {
			isa = PBXGroup;
			children = (
				B408C3B21BCB5EE80018634D /* MLGMAccount.h */,
				B408C3B31BCB5EE80018634D /* MLGMAccount.m */,
				B408C3B01BCB5EE80018634D /* MLGMAccount+CoreDataProperties.h */,
				B408C3B11BCB5EE80018634D /* MLGMAccount+CoreDataProperties.m */,
				B42264E31BCB8CF500CD5634 /* MLGMEvent.h */,
				B42264E41BCB8CF500CD5634 /* MLGMEvent.m */,
				B42264E11BCB8CF500CD5634 /* MLGMEvent+CoreDataProperties.h */,
				B42264E21BCB8CF500CD5634 /* MLGMEvent+CoreDataProperties.m */,
				B408C3B61BCB5EE80018634D /* MLGMGene.h */,
				B408C3B71BCB5EE80018634D /* MLGMGene.m */,
				B408C3B41BCB5EE80018634D /* MLGMGene+CoreDataProperties.h */,
				B408C3B51BCB5EE80018634D /* MLGMGene+CoreDataProperties.m */,
				B408C3D11BCB64720018634D /* MLGMActorProfile.h */,
				B408C3D21BCB64720018634D /* MLGMActorProfile.m */,
				B408C3CF1BCB64720018634D /* MLGMUserProfile+CoreDataProperties.h */,
				B408C3D01BCB64720018634D /* MLGMUserProfile+CoreDataProperties.m */,
				B4653D621BCBF58400D6F82B /* MLGMRepo+CoreDataProperties.h */,
				B4653D631BCBF58400D6F82B /* MLGMRepo+CoreDataProperties.m */,
				B4653D641BCBF58400D6F82B /* MLGMRepo.h */,
				B4653D651BCBF58400D6F82B /* MLGMRepo.m */,
			);
			path = NSManageObject;
			sourceTree = "<group>";
		};
		B408C3C41BCB5EE80018634D /* NSObject */ = {
			isa = PBXGroup;
			children = (
			);
			path = NSObject;
			sourceTree = "<group>";
		};
		B410BAB81BCA36EC00E24AFE /* JSONPattern */ = {
			isa = PBXGroup;
			children = (
				B410BAB91BCA36EC00E24AFE /* userPattern.json */,
				B410BAD01BCA530F00E24AFE /* timelineEventPattern.json */,
				B42264DF1BCB6E0B00CD5634 /* reposPattern.json */,
				B42265101BCBB15000CD5634 /* followerPattern.json */,
			);
			path = JSONPattern;
			sourceTree = "<group>";
		};
		B410BABA1BCA36EC00E24AFE /* JSONSample */ = {
			isa = PBXGroup;
			children = (
				B42264E71BCB90D600CD5634 /* TimeLine */,
				B410BABB1BCA36EC00E24AFE /* event.json */,
				B410BABC1BCA36EC00E24AFE /* organization.json */,
				B410BABD1BCA36EC00E24AFE /* organizationEvent.json */,
				B410BABF1BCA36EC00E24AFE /* user.json */,
				B410BAC81BCA406300E24AFE /* repos.json */,
				B410BAE11BCA851A00E24AFE /* staredRepo.json */,
				B422650C1BCBB12100CD5634 /* follower.json */,
			);
			path = JSONSample;
			sourceTree = "<group>";
		};
		B42264E71BCB90D600CD5634 /* TimeLine */ = {
			isa = PBXGroup;
			children = (
				B42265061BCB9E0000CD5634 /* IMG_1.PNG */,
				B42265071BCB9E0000CD5634 /* IMG_2.PNG */,
				B42265081BCB9E0000CD5634 /* IMG_3.PNG */,
				B42264FA1BCB956200CD5634 /* CommitCommentEvent.json */,
				B42264E81BCB90F000CD5634 /* CreateEvent.json */,
				B42264FC1BCB967000CD5634 /* DeleteEvent.json */,
				B42264F41BCB939900CD5634 /* ForkEvent.json */,
				B42264FE1BCB969F00CD5634 /* GollumEvent.json */,
				B42264EA1BCB912400CD5634 /* IssueCommentEvent.json */,
				B42264F21BCB936600CD5634 /* IssuesEvent.json */,
				B42264F61BCB93F900CD5634 /* MemberEvent.json */,
				B42264EE1BCB91D200CD5634 /* PullRequestEvent.json */,
				B42264F01BCB922E00CD5634 /* PushEvent.json */,
				B42264F81BCB953700CD5634 /* ReleaseEvent.json */,
				B42264EC1BCB919C00CD5634 /* WatchEvent.json */,
				B42265001BCB96F000CD5634 /* PublicEvent.json */,
				B42265021BCB973500CD5634 /* PullRequestReviewCommentEvent.json */,
				B42265041BCB9AAE00CD5634 /* AllEvent.json */,
			);
			name = TimeLine;
			sourceTree = "<group>";
		};
		B43F3F7E1BB10E180036ECF6 = {
			isa = PBXGroup;
			children = (
				B43F3F891BB10E180036ECF6 /* MaxLeapGit */,
				B43F3FA31BB10E180036ECF6 /* MaxLeapGitTests */,
				B43F3F881BB10E180036ECF6 /* Products */,
				3C69B6FF8A044E7D3257C6FC /* Pods */,
				79C7B2825FDB2A1289F5C11B /* Frameworks */,
			);
			sourceTree = "<group>";
		};
		B43F3F881BB10E180036ECF6 /* Products */ = {
			isa = PBXGroup;
			children = (
				B43F3F871BB10E180036ECF6 /* MaxLeapGit.app */,
				B43F3FA01BB10E180036ECF6 /* MaxLeapGitTests.xctest */,
			);
			name = Products;
			sourceTree = "<group>";
		};
		B43F3F891BB10E180036ECF6 /* MaxLeapGit */ = {
			isa = PBXGroup;
			children = (
				B43F3FB01BB10F570036ECF6 /* Application */,
				B43F3FB81BB10F570036ECF6 /* ViewControllers */,
				B43F3FB91BB10F570036ECF6 /* Views */,
				B45582B31BC800FF00336B9E /* Models */,
				B43F3FB21BB10F570036ECF6 /* Layout */,
				B40469541BC764CE00E1C5EB /* Services */,
				B43F3FB71BB10F570036ECF6 /* Utils */,
				B40469581BC767CC00E1C5EB /* Resources */,
				B4E69C561BC8B935008993A7 /* Library */,
				B43F3FB11BB10F570036ECF6 /* Framework */,
				B43F3F971BB10E180036ECF6 /* Images.xcassets */,
				B43F3F8A1BB10E180036ECF6 /* Supporting Files */,
			);
			path = MaxLeapGit;
			sourceTree = "<group>";
		};
		B43F3F8A1BB10E180036ECF6 /* Supporting Files */ = {
			isa = PBXGroup;
			children = (
				B43F3F8B1BB10E180036ECF6 /* Info.plist */,
			);
			name = "Supporting Files";
			sourceTree = "<group>";
		};
		B43F3FA31BB10E180036ECF6 /* MaxLeapGitTests */ = {
			isa = PBXGroup;
			children = (
				B43F3FA61BB10E180036ECF6 /* MaxLeapGitTests.m */,
				B43F3FA41BB10E180036ECF6 /* Supporting Files */,
			);
			path = MaxLeapGitTests;
			sourceTree = "<group>";
		};
		B43F3FA41BB10E180036ECF6 /* Supporting Files */ = {
			isa = PBXGroup;
			children = (
				B43F3FA51BB10E180036ECF6 /* Info.plist */,
			);
			name = "Supporting Files";
			sourceTree = "<group>";
		};
		B43F3FB01BB10F570036ECF6 /* Application */ = {
			isa = PBXGroup;
			children = (
				B43F3FC01BB126450036ECF6 /* main.m */,
				B43F3FBA1BB10F6A0036ECF6 /* AppDelegate.h */,
				B43F3FBB1BB10F6A0036ECF6 /* AppDelegate.m */,
			);
			path = Application;
			sourceTree = "<group>";
		};
		B43F3FB11BB10F570036ECF6 /* Framework */ = {
			isa = PBXGroup;
			children = (
				B423C36B1BCCDDD50087CE3B /* ILSLeapCloud.framework */,
				B423C36C1BCCDDD50087CE3B /* LeapCloud.framework */,
				B43F3FC21BB12BCB0036ECF6 /* Flurry */,
			);
			path = Framework;
			sourceTree = "<group>";
		};
		B43F3FB21BB10F570036ECF6 /* Layout */ = {
			isa = PBXGroup;
			children = (
			);
			path = Layout;
			sourceTree = "<group>";
		};
		B43F3FB71BB10F570036ECF6 /* Utils */ = {
			isa = PBXGroup;
			children = (
				B405FB741BB12953002F972F /* PrefixHeader.pch */,
				B4FFE4741BC7AB3B0011EE2D /* MLGMError.h */,
				B4FFE4751BC7AB3B0011EE2D /* MLGMError.m */,
				B423C3681BCCBC340087CE3B /* MLGMStringUtil.h */,
				B423C3691BCCBC340087CE3B /* MLGMStringUtil.m */,
				B404695B1BC7682E00E1C5EB /* UIView+FrameAccessor.h */,
				B404695C1BC7682E00E1C5EB /* UIView+FrameAccessor.m */,
				B404695E1BC7684100E1C5EB /* UIView+AutoLayout.h */,
				B404695F1BC7684100E1C5EB /* UIView+AutoLayout.m */,
				B4D2492F1BC7707900A719E6 /* UIImage+Extension.h */,
				B4D249301BC7707900A719E6 /* UIImage+Extension.m */,
				B44204FB1BC79BF5007F28CA /* NSDictionary+Extension.h */,
				B44204FC1BC79BF5007F28CA /* NSDictionary+Extension.m */,
				B44204FD1BC79BF5007F28CA /* NSString+Extension.h */,
				B44204FE1BC79BF5007F28CA /* NSString+Extension.m */,
				B44ED8511BC8C979003443B9 /* NSBundle+Extension.h */,
				B44ED8521BC8C979003443B9 /* NSBundle+Extension.m */,
			);
			path = Utils;
			sourceTree = "<group>";
		};
		B43F3FB81BB10F570036ECF6 /* ViewControllers */ = {
			isa = PBXGroup;
			children = (
				B43F3FBD1BB125D80036ECF6 /* MLGMLoginViewController.h */,
				B43F3FBE1BB125D80036ECF6 /* MLGMLoginViewController.m */,
				B40469611BC7695400E1C5EB /* MLGMAuthViewController.h */,
				B40469621BC7695400E1C5EB /* MLGMAuthViewController.m */,
				B423C33E1BCCBC0A0087CE3B /* MLGMAddNewGeneViewController.h */,
				B423C33F1BCCBC0A0087CE3B /* MLGMAddNewGeneViewController.m */,
				B423C3401BCCBC0A0087CE3B /* MLGMGenesViewController.h */,
				B423C3411BCCBC0A0087CE3B /* MLGMGenesViewController.m */,
				B423C3421BCCBC0A0087CE3B /* MLGMMyPageViewController.h */,
				B423C3431BCCBC0A0087CE3B /* MLGMMyPageViewController.m */,
				B423C3441BCCBC0A0087CE3B /* MLGMNavigationController.h */,
				B423C3451BCCBC0A0087CE3B /* MLGMNavigationController.m */,
				B423C3461BCCBC0A0087CE3B /* MLGMRecommendEmptyView.h */,
				B423C3471BCCBC0A0087CE3B /* MLGMRecommendEmptyView.m */,
				B423C3481BCCBC0A0087CE3B /* MLGMRecommendViewController.h */,
				B423C3491BCCBC0A0087CE3B /* MLGMRecommendViewController.m */,
				B423C34A1BCCBC0A0087CE3B /* MLGMRepoDetailController.h */,
				B423C34B1BCCBC0A0087CE3B /* MLGMRepoDetailController.m */,
				B423C34C1BCCBC0A0087CE3B /* MLGMSearchViewController.h */,
				B423C34D1BCCBC0A0087CE3B /* MLGMSearchViewController.m */,
				B423C34E1BCCBC0A0087CE3B /* MLGMSortViewController.h */,
				B423C34F1BCCBC0A0087CE3B /* MLGMSortViewController.m */,
				B423C3501BCCBC0A0087CE3B /* MLGMTimeLineViewController.h */,
				B423C3511BCCBC0A0087CE3B /* MLGMTimeLineViewController.m */,
			);
			path = ViewControllers;
			sourceTree = "<group>";
		};
		B43F3FB91BB10F570036ECF6 /* Views */ = {
			isa = PBXGroup;
			children = (
				B423C35C1BCCBC190087CE3B /* MLGMRepoCell.h */,
				B423C35D1BCCBC190087CE3B /* MLGMRepoCell.m */,
				B423C35E1BCCBC190087CE3B /* MLGMTimeLineCell.h */,
				B423C35F1BCCBC190087CE3B /* MLGMTimeLineCell.m */,
				B423C3601BCCBC190087CE3B /* MLGMUserCell.h */,
				B423C3611BCCBC190087CE3B /* MLGMUserCell.m */,
				B423C3621BCCBC190087CE3B /* MLGMUserDetailView.h */,
				B423C3631BCCBC190087CE3B /* MLGMUserDetailView.m */,
			);
			path = Views;
			sourceTree = "<group>";
		};
		B43F3FC21BB12BCB0036ECF6 /* Flurry */ = {
			isa = PBXGroup;
			children = (
				B43F3FC31BB12BCB0036ECF6 /* Flurry.h */,
				B43F3FC41BB12BCB0036ECF6 /* FlurryWatch.h */,
				B43F3FC51BB12BCB0036ECF6 /* libFlurry_7.0.0.a */,
			);
			path = Flurry;
			sourceTree = "<group>";
		};
		B45582B31BC800FF00336B9E /* Models */ = {
			isa = PBXGroup;
			children = (
				B45582B41BC8010500336B9E /* MaxLeapGit.xcdatamodeld */,
				B408C3AF1BCB5EE80018634D /* NSManageObject */,
				B408C3C41BCB5EE80018634D /* NSObject */,
			);
			path = Models;
			sourceTree = "<group>";
		};
		B4E69C561BC8B935008993A7 /* Library */ = {
			isa = PBXGroup;
			children = (
				B4E69C571BC8B940008993A7 /* VeriJSON */,
			);
			path = Library;
			sourceTree = "<group>";
		};
		B4E69C571BC8B940008993A7 /* VeriJSON */ = {
			isa = PBXGroup;
			children = (
				B4E69C581BC8B940008993A7 /* JSONValidation.h */,
				B4E69C591BC8B940008993A7 /* JSONValidation.m */,
			);
			path = VeriJSON;
			sourceTree = "<group>";
		};
/* End PBXGroup section */

/* Begin PBXNativeTarget section */
		B43F3F861BB10E180036ECF6 /* MaxLeapGit */ = {
			isa = PBXNativeTarget;
			buildConfigurationList = B43F3FAA1BB10E180036ECF6 /* Build configuration list for PBXNativeTarget "MaxLeapGit" */;
			buildPhases = (
				66D1675F1509D4A594637E32 /* Check Pods Manifest.lock */,
				B43F3FC71BB130760036ECF6 /* ShellScript */,
				B43F3F831BB10E180036ECF6 /* Sources */,
				B43F3F841BB10E180036ECF6 /* Frameworks */,
				B43F3F851BB10E180036ECF6 /* Resources */,
				4C0862434447C7704EE393BF /* Copy Pods Resources */,
			);
			buildRules = (
			);
			dependencies = (
			);
			name = MaxLeapGit;
			productName = MaxLeapGit;
			productReference = B43F3F871BB10E180036ECF6 /* MaxLeapGit.app */;
			productType = "com.apple.product-type.application";
		};
		B43F3F9F1BB10E180036ECF6 /* MaxLeapGitTests */ = {
			isa = PBXNativeTarget;
			buildConfigurationList = B43F3FAD1BB10E180036ECF6 /* Build configuration list for PBXNativeTarget "MaxLeapGitTests" */;
			buildPhases = (
				B43F3F9C1BB10E180036ECF6 /* Sources */,
				B43F3F9D1BB10E180036ECF6 /* Frameworks */,
				B43F3F9E1BB10E180036ECF6 /* Resources */,
			);
			buildRules = (
			);
			dependencies = (
				B43F3FA21BB10E180036ECF6 /* PBXTargetDependency */,
			);
			name = MaxLeapGitTests;
			productName = MaxLeapGitTests;
			productReference = B43F3FA01BB10E180036ECF6 /* MaxLeapGitTests.xctest */;
			productType = "com.apple.product-type.bundle.unit-test";
		};
/* End PBXNativeTarget section */

/* Begin PBXProject section */
		B43F3F7F1BB10E180036ECF6 /* Project object */ = {
			isa = PBXProject;
			attributes = {
				LastUpgradeCheck = 0700;
				ORGANIZATIONNAME = MaxLeapMobile;
				TargetAttributes = {
					B43F3F861BB10E180036ECF6 = {
						CreatedOnToolsVersion = 6.4;
						DevelopmentTeam = 65223HE549;
					};
					B43F3F9F1BB10E180036ECF6 = {
						CreatedOnToolsVersion = 6.4;
						TestTargetID = B43F3F861BB10E180036ECF6;
					};
				};
			};
			buildConfigurationList = B43F3F821BB10E180036ECF6 /* Build configuration list for PBXProject "MaxLeapGit" */;
			compatibilityVersion = "Xcode 3.2";
			developmentRegion = English;
			hasScannedForEncodings = 0;
			knownRegions = (
				en,
				Base,
			);
			mainGroup = B43F3F7E1BB10E180036ECF6;
			productRefGroup = B43F3F881BB10E180036ECF6 /* Products */;
			projectDirPath = "";
			projectRoot = "";
			targets = (
				B43F3F861BB10E180036ECF6 /* MaxLeapGit */,
				B43F3F9F1BB10E180036ECF6 /* MaxLeapGitTests */,
			);
		};
/* End PBXProject section */

/* Begin PBXResourcesBuildPhase section */
		B43F3F851BB10E180036ECF6 /* Resources */ = {
			isa = PBXResourcesBuildPhase;
			buildActionMask = 2147483647;
			files = (
				B42265111BCBB15000CD5634 /* followerPattern.json in Resources */,
				B410BAD11BCA530F00E24AFE /* timelineEventPattern.json in Resources */,
				B410BAC01BCA36EC00E24AFE /* userPattern.json in Resources */,
				B42264E01BCB6E0B00CD5634 /* reposPattern.json in Resources */,
				B404695A1BC767CC00E1C5EB /* placehold@2x.png in Resources */,
				B43F3F981BB10E180036ECF6 /* Images.xcassets in Resources */,
			);
			runOnlyForDeploymentPostprocessing = 0;
		};
		B43F3F9E1BB10E180036ECF6 /* Resources */ = {
			isa = PBXResourcesBuildPhase;
			buildActionMask = 2147483647;
			files = (
			);
			runOnlyForDeploymentPostprocessing = 0;
		};
/* End PBXResourcesBuildPhase section */

/* Begin PBXShellScriptBuildPhase section */
		4C0862434447C7704EE393BF /* Copy Pods Resources */ = {
			isa = PBXShellScriptBuildPhase;
			buildActionMask = 2147483647;
			files = (
			);
			inputPaths = (
			);
			name = "Copy Pods Resources";
			outputPaths = (
			);
			runOnlyForDeploymentPostprocessing = 0;
			shellPath = /bin/sh;
			shellScript = "\"${SRCROOT}/Pods/Target Support Files/Pods/Pods-resources.sh\"\n";
			showEnvVarsInLog = 0;
		};
		66D1675F1509D4A594637E32 /* Check Pods Manifest.lock */ = {
			isa = PBXShellScriptBuildPhase;
			buildActionMask = 2147483647;
			files = (
			);
			inputPaths = (
			);
			name = "Check Pods Manifest.lock";
			outputPaths = (
			);
			runOnlyForDeploymentPostprocessing = 0;
			shellPath = /bin/sh;
			shellScript = "diff \"${PODS_ROOT}/../Podfile.lock\" \"${PODS_ROOT}/Manifest.lock\" > /dev/null\nif [[ $? != 0 ]] ; then\n    cat << EOM\nerror: The sandbox is not in sync with the Podfile.lock. Run 'pod install' or update your CocoaPods installation.\nEOM\n    exit 1\nfi\n";
			showEnvVarsInLog = 0;
		};
		B43F3FC71BB130760036ECF6 /* ShellScript */ = {
			isa = PBXShellScriptBuildPhase;
			buildActionMask = 2147483647;
			files = (
			);
			inputPaths = (
			);
			outputPaths = (
			);
			runOnlyForDeploymentPostprocessing = 0;
			shellPath = /bin/bash;
			shellScript = "\n(./restore-encrypted-fields.sh)";
		};
/* End PBXShellScriptBuildPhase section */

/* Begin PBXSourcesBuildPhase section */
		B43F3F831BB10E180036ECF6 /* Sources */ = {
			isa = PBXSourcesBuildPhase;
			buildActionMask = 2147483647;
			files = (
				B404695D1BC7682E00E1C5EB /* UIView+FrameAccessor.m in Sources */,
				B423C3591BCCBC0A0087CE3B /* MLGMSearchViewController.m in Sources */,
				B423C3541BCCBC0A0087CE3B /* MLGMMyPageViewController.m in Sources */,
				B40469601BC7684100E1C5EB /* UIView+AutoLayout.m in Sources */,
				B408C3C61BCB5EE80018634D /* MLGMAccount.m in Sources */,
				B423C3661BCCBC190087CE3B /* MLGMUserCell.m in Sources */,
				B408C3C81BCB5EE80018634D /* MLGMGene.m in Sources */,
				B423C35B1BCCBC0A0087CE3B /* MLGMTimeLineViewController.m in Sources */,
				B44204FF1BC79BF5007F28CA /* NSDictionary+Extension.m in Sources */,
				B423C3671BCCBC190087CE3B /* MLGMUserDetailView.m in Sources */,
				B42264E61BCB8CF500CD5634 /* MLGMEvent.m in Sources */,
				B43F3FBF1BB125D80036ECF6 /* MLGMLoginViewController.m in Sources */,
				B423C3641BCCBC190087CE3B /* MLGMRepoCell.m in Sources */,
				B42264E51BCB8CF500CD5634 /* MLGMEvent+CoreDataProperties.m in Sources */,
				B4D249311BC7707900A719E6 /* UIImage+Extension.m in Sources */,
				B4653D661BCBF58400D6F82B /* MLGMRepo+CoreDataProperties.m in Sources */,
				B423C3521BCCBC0A0087CE3B /* MLGMAddNewGeneViewController.m in Sources */,
				B43F3FC11BB126450036ECF6 /* main.m in Sources */,
				B423C3581BCCBC0A0087CE3B /* MLGMRepoDetailController.m in Sources */,
				B423C36A1BCCBC340087CE3B /* MLGMStringUtil.m in Sources */,
				B4653D671BCBF58400D6F82B /* MLGMRepo.m in Sources */,
				B4E69C5A1BC8B940008993A7 /* JSONValidation.m in Sources */,
				B423C3531BCCBC0A0087CE3B /* MLGMGenesViewController.m in Sources */,
				B44ED8531BC8C979003443B9 /* NSBundle+Extension.m in Sources */,
				B408C3C51BCB5EE80018634D /* MLGMAccount+CoreDataProperties.m in Sources */,
				B4FFE4761BC7AB3B0011EE2D /* MLGMError.m in Sources */,
				B423C3651BCCBC190087CE3B /* MLGMTimeLineCell.m in Sources */,
				B44205001BC79BF5007F28CA /* NSString+Extension.m in Sources */,
				B410BAB51BCA359C00E24AFE /* APIReadMe.md in Sources */,
				B43F3FBC1BB10F6A0036ECF6 /* AppDelegate.m in Sources */,
				B423C3561BCCBC0A0087CE3B /* MLGMRecommendEmptyView.m in Sources */,
				B408C3C71BCB5EE80018634D /* MLGMGene+CoreDataProperties.m in Sources */,
				B423C35A1BCCBC0A0087CE3B /* MLGMSortViewController.m in Sources */,
				B408C3D41BCB64720018634D /* MLGMActorProfile.m in Sources */,
				B40469571BC764E300E1C5EB /* MLGMWebService.m in Sources */,
				B40469631BC7695400E1C5EB /* MLGMAuthViewController.m in Sources */,
				B423C3551BCCBC0A0087CE3B /* MLGMNavigationController.m in Sources */,
				B408C3D31BCB64720018634D /* MLGMUserProfile+CoreDataProperties.m in Sources */,
				B4E69C551BC8B875008993A7 /* MLGMWebService+Convenience.m in Sources */,
				B423C3571BCCBC0A0087CE3B /* MLGMRecommendViewController.m in Sources */,
				B45582B61BC8010500336B9E /* MaxLeapGit.xcdatamodeld in Sources */,
			);
			runOnlyForDeploymentPostprocessing = 0;
		};
		B43F3F9C1BB10E180036ECF6 /* Sources */ = {
			isa = PBXSourcesBuildPhase;
			buildActionMask = 2147483647;
			files = (
				B43F3FA71BB10E180036ECF6 /* MaxLeapGitTests.m in Sources */,
			);
			runOnlyForDeploymentPostprocessing = 0;
		};
/* End PBXSourcesBuildPhase section */

/* Begin PBXTargetDependency section */
		B43F3FA21BB10E180036ECF6 /* PBXTargetDependency */ = {
			isa = PBXTargetDependency;
			target = B43F3F861BB10E180036ECF6 /* MaxLeapGit */;
			targetProxy = B43F3FA11BB10E180036ECF6 /* PBXContainerItemProxy */;
		};
/* End PBXTargetDependency section */

/* Begin XCBuildConfiguration section */
		B43F3FA81BB10E180036ECF6 /* Debug */ = {
			isa = XCBuildConfiguration;
			buildSettings = {
				ALWAYS_SEARCH_USER_PATHS = NO;
				CLANG_CXX_LANGUAGE_STANDARD = "gnu++0x";
				CLANG_CXX_LIBRARY = "libc++";
				CLANG_ENABLE_MODULES = YES;
				CLANG_ENABLE_OBJC_ARC = YES;
				CLANG_WARN_BOOL_CONVERSION = YES;
				CLANG_WARN_CONSTANT_CONVERSION = YES;
				CLANG_WARN_DIRECT_OBJC_ISA_USAGE = YES_ERROR;
				CLANG_WARN_EMPTY_BODY = YES;
				CLANG_WARN_ENUM_CONVERSION = YES;
				CLANG_WARN_INT_CONVERSION = YES;
				CLANG_WARN_OBJC_ROOT_CLASS = YES_ERROR;
				CLANG_WARN_UNREACHABLE_CODE = YES;
				CLANG_WARN__DUPLICATE_METHOD_MATCH = YES;
				"CODE_SIGN_IDENTITY[sdk=iphoneos*]" = "iPhone Developer";
				COPY_PHASE_STRIP = NO;
				DEBUG_INFORMATION_FORMAT = "dwarf-with-dsym";
				ENABLE_STRICT_OBJC_MSGSEND = YES;
				ENABLE_TESTABILITY = YES;
				GCC_C_LANGUAGE_STANDARD = gnu99;
				GCC_DYNAMIC_NO_PIC = NO;
				GCC_NO_COMMON_BLOCKS = YES;
				GCC_OPTIMIZATION_LEVEL = 0;
				GCC_PREPROCESSOR_DEFINITIONS = (
					"DEBUG=1",
					"$(inherited)",
				);
				GCC_SYMBOLS_PRIVATE_EXTERN = NO;
				GCC_WARN_64_TO_32_BIT_CONVERSION = YES;
				GCC_WARN_ABOUT_RETURN_TYPE = YES_ERROR;
				GCC_WARN_UNDECLARED_SELECTOR = YES;
				GCC_WARN_UNINITIALIZED_AUTOS = YES_AGGRESSIVE;
				GCC_WARN_UNUSED_FUNCTION = YES;
				GCC_WARN_UNUSED_VARIABLE = YES;
				IPHONEOS_DEPLOYMENT_TARGET = 8.4;
				MTL_ENABLE_DEBUG_INFO = YES;
				ONLY_ACTIVE_ARCH = YES;
				SDKROOT = iphoneos;
				TARGETED_DEVICE_FAMILY = "1,2";
			};
			name = Debug;
		};
		B43F3FA91BB10E180036ECF6 /* Release */ = {
			isa = XCBuildConfiguration;
			buildSettings = {
				ALWAYS_SEARCH_USER_PATHS = NO;
				CLANG_CXX_LANGUAGE_STANDARD = "gnu++0x";
				CLANG_CXX_LIBRARY = "libc++";
				CLANG_ENABLE_MODULES = YES;
				CLANG_ENABLE_OBJC_ARC = YES;
				CLANG_WARN_BOOL_CONVERSION = YES;
				CLANG_WARN_CONSTANT_CONVERSION = YES;
				CLANG_WARN_DIRECT_OBJC_ISA_USAGE = YES_ERROR;
				CLANG_WARN_EMPTY_BODY = YES;
				CLANG_WARN_ENUM_CONVERSION = YES;
				CLANG_WARN_INT_CONVERSION = YES;
				CLANG_WARN_OBJC_ROOT_CLASS = YES_ERROR;
				CLANG_WARN_UNREACHABLE_CODE = YES;
				CLANG_WARN__DUPLICATE_METHOD_MATCH = YES;
				"CODE_SIGN_IDENTITY[sdk=iphoneos*]" = "iPhone Developer";
				COPY_PHASE_STRIP = NO;
				DEBUG_INFORMATION_FORMAT = "dwarf-with-dsym";
				ENABLE_NS_ASSERTIONS = NO;
				ENABLE_STRICT_OBJC_MSGSEND = YES;
				GCC_C_LANGUAGE_STANDARD = gnu99;
				GCC_NO_COMMON_BLOCKS = YES;
				GCC_WARN_64_TO_32_BIT_CONVERSION = YES;
				GCC_WARN_ABOUT_RETURN_TYPE = YES_ERROR;
				GCC_WARN_UNDECLARED_SELECTOR = YES;
				GCC_WARN_UNINITIALIZED_AUTOS = YES_AGGRESSIVE;
				GCC_WARN_UNUSED_FUNCTION = YES;
				GCC_WARN_UNUSED_VARIABLE = YES;
				IPHONEOS_DEPLOYMENT_TARGET = 8.4;
				MTL_ENABLE_DEBUG_INFO = NO;
				SDKROOT = iphoneos;
				TARGETED_DEVICE_FAMILY = "1,2";
				VALIDATE_PRODUCT = YES;
			};
			name = Release;
		};
		B43F3FAB1BB10E180036ECF6 /* Debug */ = {
			isa = XCBuildConfiguration;
			baseConfigurationReference = 22E4148FE84D787D13499179 /* Pods.debug.xcconfig */;
			buildSettings = {
				ASSETCATALOG_COMPILER_APPICON_NAME = AppIcon;
				CODE_SIGN_IDENTITY = "iPhone Developer: Shanhu Ma (LMRSZX5M2S)";
				FRAMEWORK_SEARCH_PATHS = (
					"$(inherited)",
					"$(PROJECT_DIR)/MaxLeapGit/Framework",
				);
				GCC_PRECOMPILE_PREFIX_HEADER = YES;
				GCC_PREFIX_HEADER = "$(SRCROOT)/MaxLeapGit/Utils/PrefixHeader.pch";
				INFOPLIST_FILE = MaxLeapGit/Info.plist;
				IPHONEOS_DEPLOYMENT_TARGET = 8.0;
				LD_RUNPATH_SEARCH_PATHS = "$(inherited) @executable_path/Frameworks";
				LIBRARY_SEARCH_PATHS = (
					"$(inherited)",
					"$(PROJECT_DIR)/MaxLeapGit/Framework/Flurry",
				);
				PRODUCT_BUNDLE_IDENTIFIER = com.maxleap.gitmaster;
				PRODUCT_NAME = "$(TARGET_NAME)";
				PROVISIONING_PROFILE = "96a10ae9-66ec-47e8-977c-da158794716f";
				TARGETED_DEVICE_FAMILY = 1;
			};
			name = Debug;
		};
		B43F3FAC1BB10E180036ECF6 /* Release */ = {
			isa = XCBuildConfiguration;
			baseConfigurationReference = E260566CA9D865B12FF82152 /* Pods.release.xcconfig */;
			buildSettings = {
				ASSETCATALOG_COMPILER_APPICON_NAME = AppIcon;
				CODE_SIGN_IDENTITY = "iPhone Distribution: Granite Mobile, Inc. (65223HE549)";
				FRAMEWORK_SEARCH_PATHS = (
					"$(inherited)",
					"$(PROJECT_DIR)/MaxLeapGit/Framework",
				);
				GCC_PRECOMPILE_PREFIX_HEADER = YES;
				GCC_PREFIX_HEADER = "$(SRCROOT)/MaxLeapGit/Utils/PrefixHeader.pch";
				INFOPLIST_FILE = MaxLeapGit/Info.plist;
				IPHONEOS_DEPLOYMENT_TARGET = 8.0;
				LD_RUNPATH_SEARCH_PATHS = "$(inherited) @executable_path/Frameworks";
				LIBRARY_SEARCH_PATHS = (
					"$(inherited)",
					"$(PROJECT_DIR)/MaxLeapGit/Framework/Flurry",
				);
				PRODUCT_BUNDLE_IDENTIFIER = com.maxleap.gitmaster;
				PRODUCT_NAME = "$(TARGET_NAME)";
				PROVISIONING_PROFILE = "8f455649-4fec-47ff-86ff-435ef4495f09";
				TARGETED_DEVICE_FAMILY = 1;
			};
			name = Release;
		};
		B43F3FAE1BB10E180036ECF6 /* Debug */ = {
			isa = XCBuildConfiguration;
			buildSettings = {
				BUNDLE_LOADER = "$(TEST_HOST)";
				FRAMEWORK_SEARCH_PATHS = "$(inherited)";
				GCC_PREPROCESSOR_DEFINITIONS = (
					"DEBUG=1",
					"$(inherited)",
				);
				INFOPLIST_FILE = MaxLeapGitTests/Info.plist;
				LD_RUNPATH_SEARCH_PATHS = "$(inherited) @executable_path/Frameworks @loader_path/Frameworks";
				PRODUCT_BUNDLE_IDENTIFIER = "com.youcompany.MaxLeapGit.$(PRODUCT_NAME:rfc1034identifier)";
				PRODUCT_NAME = "$(TARGET_NAME)";
				TEST_HOST = "$(BUILT_PRODUCTS_DIR)/MaxLeapGit.app/MaxLeapGit";
			};
			name = Debug;
		};
		B43F3FAF1BB10E180036ECF6 /* Release */ = {
			isa = XCBuildConfiguration;
			buildSettings = {
				BUNDLE_LOADER = "$(TEST_HOST)";
				FRAMEWORK_SEARCH_PATHS = "$(inherited)";
				INFOPLIST_FILE = MaxLeapGitTests/Info.plist;
				LD_RUNPATH_SEARCH_PATHS = "$(inherited) @executable_path/Frameworks @loader_path/Frameworks";
				PRODUCT_BUNDLE_IDENTIFIER = "com.youcompany.MaxLeapGit.$(PRODUCT_NAME:rfc1034identifier)";
				PRODUCT_NAME = "$(TARGET_NAME)";
				TEST_HOST = "$(BUILT_PRODUCTS_DIR)/MaxLeapGit.app/MaxLeapGit";
			};
			name = Release;
		};
/* End XCBuildConfiguration section */

/* Begin XCConfigurationList section */
		B43F3F821BB10E180036ECF6 /* Build configuration list for PBXProject "MaxLeapGit" */ = {
			isa = XCConfigurationList;
			buildConfigurations = (
				B43F3FA81BB10E180036ECF6 /* Debug */,
				B43F3FA91BB10E180036ECF6 /* Release */,
			);
			defaultConfigurationIsVisible = 0;
			defaultConfigurationName = Release;
		};
		B43F3FAA1BB10E180036ECF6 /* Build configuration list for PBXNativeTarget "MaxLeapGit" */ = {
			isa = XCConfigurationList;
			buildConfigurations = (
				B43F3FAB1BB10E180036ECF6 /* Debug */,
				B43F3FAC1BB10E180036ECF6 /* Release */,
			);
			defaultConfigurationIsVisible = 0;
			defaultConfigurationName = Release;
		};
		B43F3FAD1BB10E180036ECF6 /* Build configuration list for PBXNativeTarget "MaxLeapGitTests" */ = {
			isa = XCConfigurationList;
			buildConfigurations = (
				B43F3FAE1BB10E180036ECF6 /* Debug */,
				B43F3FAF1BB10E180036ECF6 /* Release */,
			);
			defaultConfigurationIsVisible = 0;
			defaultConfigurationName = Release;
		};
/* End XCConfigurationList section */

/* Begin XCVersionGroup section */
		B45582B41BC8010500336B9E /* MaxLeapGit.xcdatamodeld */ = {
			isa = XCVersionGroup;
			children = (
				B45582B51BC8010500336B9E /* MaxLeapGit.xcdatamodel */,
			);
			currentVersion = B45582B51BC8010500336B9E /* MaxLeapGit.xcdatamodel */;
			path = MaxLeapGit.xcdatamodeld;
			sourceTree = "<group>";
			versionGroupType = wrapper.xcdatamodel;
		};
/* End XCVersionGroup section */
	};
	rootObject = B43F3F7F1BB10E180036ECF6 /* Project object */;
}
