// !$*UTF8*$!
{
	archiveVersion = 1;
	classes = {
	};
	objectVersion = 46;
	objects = {

/* Begin PBXBuildFile section */
		B4B577131BAFFC3B00F09B9C /* main.m in Sources */ = {isa = PBXBuildFile; fileRef = B4B577121BAFFC3B00F09B9C /* main.m */; };
		B4B577161BAFFC3B00F09B9C /* AppDelegate.m in Sources */ = {isa = PBXBuildFile; fileRef = B4B577151BAFFC3B00F09B9C /* AppDelegate.m */; };
		B4B577191BAFFC3B00F09B9C /* ViewController.m in Sources */ = {isa = PBXBuildFile; fileRef = B4B577181BAFFC3B00F09B9C /* ViewController.m */; };
		B4B5771C1BAFFC3B00F09B9C /* Main.storyboard in Resources */ = {isa = PBXBuildFile; fileRef = B4B5771A1BAFFC3B00F09B9C /* Main.storyboard */; };
		B4B5771E1BAFFC3B00F09B9C /* Images.xcassets in Resources */ = {isa = PBXBuildFile; fileRef = B4B5771D1BAFFC3B00F09B9C /* Images.xcassets */; };
		B4B577211BAFFC3B00F09B9C /* LaunchScreen.xib in Resources */ = {isa = PBXBuildFile; fileRef = B4B5771F1BAFFC3B00F09B9C /* LaunchScreen.xib */; };
		B4B5772D1BAFFC3B00F09B9C /* MaxLeapGitTests.m in Sources */ = {isa = PBXBuildFile; fileRef = B4B5772C1BAFFC3B00F09B9C /* MaxLeapGitTests.m */; };
/* End PBXBuildFile section */

/* Begin PBXContainerItemProxy section */
		B4B577271BAFFC3B00F09B9C /* PBXContainerItemProxy */ = {
			isa = PBXContainerItemProxy;
			containerPortal = B4B577051BAFFC3B00F09B9C /* Project object */;
			proxyType = 1;
			remoteGlobalIDString = B4B5770C1BAFFC3B00F09B9C;
			remoteInfo = MaxLeapGit;
		};
/* End PBXContainerItemProxy section */

/* Begin PBXFileReference section */
		B4B5770D1BAFFC3B00F09B9C /* MaxLeapGit.app */ = {isa = PBXFileReference; explicitFileType = wrapper.application; includeInIndex = 0; path = MaxLeapGit.app; sourceTree = BUILT_PRODUCTS_DIR; };
		B4B577111BAFFC3B00F09B9C /* Info.plist */ = {isa = PBXFileReference; lastKnownFileType = text.plist.xml; path = Info.plist; sourceTree = "<group>"; };
		B4B577121BAFFC3B00F09B9C /* main.m */ = {isa = PBXFileReference; lastKnownFileType = sourcecode.c.objc; path = main.m; sourceTree = "<group>"; };
		B4B577141BAFFC3B00F09B9C /* AppDelegate.h */ = {isa = PBXFileReference; lastKnownFileType = sourcecode.c.h; path = AppDelegate.h; sourceTree = "<group>"; };
		B4B577151BAFFC3B00F09B9C /* AppDelegate.m */ = {isa = PBXFileReference; lastKnownFileType = sourcecode.c.objc; path = AppDelegate.m; sourceTree = "<group>"; };
		B4B577171BAFFC3B00F09B9C /* ViewController.h */ = {isa = PBXFileReference; lastKnownFileType = sourcecode.c.h; path = ViewController.h; sourceTree = "<group>"; };
		B4B577181BAFFC3B00F09B9C /* ViewController.m */ = {isa = PBXFileReference; lastKnownFileType = sourcecode.c.objc; path = ViewController.m; sourceTree = "<group>"; };
		B4B5771B1BAFFC3B00F09B9C /* Base */ = {isa = PBXFileReference; lastKnownFileType = file.storyboard; name = Base; path = Base.lproj/Main.storyboard; sourceTree = "<group>"; };
		B4B5771D1BAFFC3B00F09B9C /* Images.xcassets */ = {isa = PBXFileReference; lastKnownFileType = folder.assetcatalog; path = Images.xcassets; sourceTree = "<group>"; };
		B4B577201BAFFC3B00F09B9C /* Base */ = {isa = PBXFileReference; lastKnownFileType = file.xib; name = Base; path = Base.lproj/LaunchScreen.xib; sourceTree = "<group>"; };
		B4B577261BAFFC3B00F09B9C /* MaxLeapGitTests.xctest */ = {isa = PBXFileReference; explicitFileType = wrapper.cfbundle; includeInIndex = 0; path = MaxLeapGitTests.xctest; sourceTree = BUILT_PRODUCTS_DIR; };
		B4B5772B1BAFFC3B00F09B9C /* Info.plist */ = {isa = PBXFileReference; lastKnownFileType = text.plist.xml; path = Info.plist; sourceTree = "<group>"; };
		B4B5772C1BAFFC3B00F09B9C /* MaxLeapGitTests.m */ = {isa = PBXFileReference; lastKnownFileType = sourcecode.c.objc; path = MaxLeapGitTests.m; sourceTree = "<group>"; };
/* End PBXFileReference section */

/* Begin PBXFrameworksBuildPhase section */
		B4B5770A1BAFFC3B00F09B9C /* Frameworks */ = {
			isa = PBXFrameworksBuildPhase;
			buildActionMask = 2147483647;
			files = (
			);
			runOnlyForDeploymentPostprocessing = 0;
		};
		B4B577231BAFFC3B00F09B9C /* Frameworks */ = {
			isa = PBXFrameworksBuildPhase;
			buildActionMask = 2147483647;
			files = (
			);
			runOnlyForDeploymentPostprocessing = 0;
		};
/* End PBXFrameworksBuildPhase section */

/* Begin PBXGroup section */
		B4B577041BAFFC3B00F09B9C = {
			isa = PBXGroup;
			children = (
				B4B5770F1BAFFC3B00F09B9C /* MaxLeapGit */,
				B4B577291BAFFC3B00F09B9C /* MaxLeapGitTests */,
				B4B5770E1BAFFC3B00F09B9C /* Products */,
			);
			sourceTree = "<group>";
		};
		B4B5770E1BAFFC3B00F09B9C /* Products */ = {
			isa = PBXGroup;
			children = (
				B4B5770D1BAFFC3B00F09B9C /* MaxLeapGit.app */,
				B4B577261BAFFC3B00F09B9C /* MaxLeapGitTests.xctest */,
			);
			name = Products;
			sourceTree = "<group>";
		};
		B4B5770F1BAFFC3B00F09B9C /* MaxLeapGit */ = {
			isa = PBXGroup;
			children = (
				B4B577141BAFFC3B00F09B9C /* AppDelegate.h */,
				B4B577151BAFFC3B00F09B9C /* AppDelegate.m */,
				B4B577171BAFFC3B00F09B9C /* ViewController.h */,
				B4B577181BAFFC3B00F09B9C /* ViewController.m */,
				B4B5771A1BAFFC3B00F09B9C /* Main.storyboard */,
				B4B5771D1BAFFC3B00F09B9C /* Images.xcassets */,
				B4B5771F1BAFFC3B00F09B9C /* LaunchScreen.xib */,
				B4B577101BAFFC3B00F09B9C /* Supporting Files */,
			);
			path = MaxLeapGit;
			sourceTree = "<group>";
		};
		B4B577101BAFFC3B00F09B9C /* Supporting Files */ = {
			isa = PBXGroup;
			children = (
				B4B577111BAFFC3B00F09B9C /* Info.plist */,
				B4B577121BAFFC3B00F09B9C /* main.m */,
			);
			name = "Supporting Files";
			sourceTree = "<group>";
		};
		B4B577291BAFFC3B00F09B9C /* MaxLeapGitTests */ = {
			isa = PBXGroup;
			children = (
				B4B5772C1BAFFC3B00F09B9C /* MaxLeapGitTests.m */,
				B4B5772A1BAFFC3B00F09B9C /* Supporting Files */,
			);
			path = MaxLeapGitTests;
			sourceTree = "<group>";
		};
		B4B5772A1BAFFC3B00F09B9C /* Supporting Files */ = {
			isa = PBXGroup;
			children = (
				B4B5772B1BAFFC3B00F09B9C /* Info.plist */,
			);
			name = "Supporting Files";
			sourceTree = "<group>";
		};
/* End PBXGroup section */

/* Begin PBXNativeTarget section */
		B4B5770C1BAFFC3B00F09B9C /* MaxLeapGit */ = {
			isa = PBXNativeTarget;
			buildConfigurationList = B4B577301BAFFC3B00F09B9C /* Build configuration list for PBXNativeTarget "MaxLeapGit" */;
			buildPhases = (
				B4B577091BAFFC3B00F09B9C /* Sources */,
				B4B5770A1BAFFC3B00F09B9C /* Frameworks */,
				B4B5770B1BAFFC3B00F09B9C /* Resources */,
			);
			buildRules = (
			);
			dependencies = (
			);
			name = MaxLeapGit;
			productName = MaxLeapGit;
			productReference = B4B5770D1BAFFC3B00F09B9C /* MaxLeapGit.app */;
			productType = "com.apple.product-type.application";
		};
		B4B577251BAFFC3B00F09B9C /* MaxLeapGitTests */ = {
			isa = PBXNativeTarget;
			buildConfigurationList = B4B577331BAFFC3B00F09B9C /* Build configuration list for PBXNativeTarget "MaxLeapGitTests" */;
			buildPhases = (
				B4B577221BAFFC3B00F09B9C /* Sources */,
				B4B577231BAFFC3B00F09B9C /* Frameworks */,
				B4B577241BAFFC3B00F09B9C /* Resources */,
			);
			buildRules = (
			);
			dependencies = (
				B4B577281BAFFC3B00F09B9C /* PBXTargetDependency */,
			);
			name = MaxLeapGitTests;
			productName = MaxLeapGitTests;
			productReference = B4B577261BAFFC3B00F09B9C /* MaxLeapGitTests.xctest */;
			productType = "com.apple.product-type.bundle.unit-test";
		};
/* End PBXNativeTarget section */

/* Begin PBXProject section */
		B4B577051BAFFC3B00F09B9C /* Project object */ = {
			isa = PBXProject;
			attributes = {
				LastUpgradeCheck = 0640;
				ORGANIZATIONNAME = iLegendsoft;
				TargetAttributes = {
					B4B5770C1BAFFC3B00F09B9C = {
						CreatedOnToolsVersion = 6.4;
					};
					B4B577251BAFFC3B00F09B9C = {
						CreatedOnToolsVersion = 6.4;
						TestTargetID = B4B5770C1BAFFC3B00F09B9C;
					};
				};
			};
			buildConfigurationList = B4B577081BAFFC3B00F09B9C /* Build configuration list for PBXProject "MaxLeapGit" */;
			compatibilityVersion = "Xcode 3.2";
			developmentRegion = English;
			hasScannedForEncodings = 0;
			knownRegions = (
				en,
				Base,
			);
			mainGroup = B4B577041BAFFC3B00F09B9C;
			productRefGroup = B4B5770E1BAFFC3B00F09B9C /* Products */;
			projectDirPath = "";
			projectRoot = "";
			targets = (
				B4B5770C1BAFFC3B00F09B9C /* MaxLeapGit */,
				B4B577251BAFFC3B00F09B9C /* MaxLeapGitTests */,
			);
		};
/* End PBXProject section */

/* Begin PBXResourcesBuildPhase section */
		B4B5770B1BAFFC3B00F09B9C /* Resources */ = {
			isa = PBXResourcesBuildPhase;
			buildActionMask = 2147483647;
			files = (
				B4B5771C1BAFFC3B00F09B9C /* Main.storyboard in Resources */,
				B4B577211BAFFC3B00F09B9C /* LaunchScreen.xib in Resources */,
				B4B5771E1BAFFC3B00F09B9C /* Images.xcassets in Resources */,
			);
			runOnlyForDeploymentPostprocessing = 0;
		};
		B4B577241BAFFC3B00F09B9C /* Resources */ = {
			isa = PBXResourcesBuildPhase;
			buildActionMask = 2147483647;
			files = (
			);
			runOnlyForDeploymentPostprocessing = 0;
		};
/* End PBXResourcesBuildPhase section */

/* Begin PBXSourcesBuildPhase section */
		B4B577091BAFFC3B00F09B9C /* Sources */ = {
			isa = PBXSourcesBuildPhase;
			buildActionMask = 2147483647;
			files = (
				B4B577191BAFFC3B00F09B9C /* ViewController.m in Sources */,
				B4B577161BAFFC3B00F09B9C /* AppDelegate.m in Sources */,
				B4B577131BAFFC3B00F09B9C /* main.m in Sources */,
			);
			runOnlyForDeploymentPostprocessing = 0;
		};
		B4B577221BAFFC3B00F09B9C /* Sources */ = {
			isa = PBXSourcesBuildPhase;
			buildActionMask = 2147483647;
			files = (
				B4B5772D1BAFFC3B00F09B9C /* MaxLeapGitTests.m in Sources */,
			);
			runOnlyForDeploymentPostprocessing = 0;
		};
/* End PBXSourcesBuildPhase section */

/* Begin PBXTargetDependency section */
		B4B577281BAFFC3B00F09B9C /* PBXTargetDependency */ = {
			isa = PBXTargetDependency;
			target = B4B5770C1BAFFC3B00F09B9C /* MaxLeapGit */;
			targetProxy = B4B577271BAFFC3B00F09B9C /* PBXContainerItemProxy */;
		};
/* End PBXTargetDependency section */

/* Begin PBXVariantGroup section */
		B4B5771A1BAFFC3B00F09B9C /* Main.storyboard */ = {
			isa = PBXVariantGroup;
			children = (
				B4B5771B1BAFFC3B00F09B9C /* Base */,
			);
			name = Main.storyboard;
			sourceTree = "<group>";
		};
		B4B5771F1BAFFC3B00F09B9C /* LaunchScreen.xib */ = {
			isa = PBXVariantGroup;
			children = (
				B4B577201BAFFC3B00F09B9C /* Base */,
			);
			name = LaunchScreen.xib;
			sourceTree = "<group>";
		};
/* End PBXVariantGroup section */

/* Begin XCBuildConfiguration section */
		B4B5772E1BAFFC3B00F09B9C /* Debug */ = {
			isa = XCBuildConfiguration;
			buildSettings = {
				ALWAYS_SEARCH_USER_PATHS = NO;
				CLANG_CXX_LANGUAGE_STANDARD = "gnu++0x";
				CLANG_CXX_LIBRARY = "libc++";
				CLANG_ENABLE_MODULES = YES;
				CLANG_ENABLE_OBJC_ARC = YES;
				CLANG_WARN_BOOL_CONVERSION = YES;
				CLANG_WARN_CONSTANT_CONVERSION = YES;
				CLANG_WARN_DIRECT_OBJC_ISA_USAGE = YES_ERROR;
				CLANG_WARN_EMPTY_BODY = YES;
				CLANG_WARN_ENUM_CONVERSION = YES;
				CLANG_WARN_INT_CONVERSION = YES;
				CLANG_WARN_OBJC_ROOT_CLASS = YES_ERROR;
				CLANG_WARN_UNREACHABLE_CODE = YES;
				CLANG_WARN__DUPLICATE_METHOD_MATCH = YES;
				"CODE_SIGN_IDENTITY[sdk=iphoneos*]" = "iPhone Developer";
				COPY_PHASE_STRIP = NO;
				DEBUG_INFORMATION_FORMAT = "dwarf-with-dsym";
				ENABLE_STRICT_OBJC_MSGSEND = YES;
				GCC_C_LANGUAGE_STANDARD = gnu99;
				GCC_DYNAMIC_NO_PIC = NO;
				GCC_NO_COMMON_BLOCKS = YES;
				GCC_OPTIMIZATION_LEVEL = 0;
				GCC_PREPROCESSOR_DEFINITIONS = (
					"DEBUG=1",
					"$(inherited)",
				);
				GCC_SYMBOLS_PRIVATE_EXTERN = NO;
				GCC_WARN_64_TO_32_BIT_CONVERSION = YES;
				GCC_WARN_ABOUT_RETURN_TYPE = YES_ERROR;
				GCC_WARN_UNDECLARED_SELECTOR = YES;
				GCC_WARN_UNINITIALIZED_AUTOS = YES_AGGRESSIVE;
				GCC_WARN_UNUSED_FUNCTION = YES;
				GCC_WARN_UNUSED_VARIABLE = YES;
				IPHONEOS_DEPLOYMENT_TARGET = 8.4;
				MTL_ENABLE_DEBUG_INFO = YES;
				ONLY_ACTIVE_ARCH = YES;
				SDKROOT = iphoneos;
				TARGETED_DEVICE_FAMILY = "1,2";
			};
			name = Debug;
		};
		B4B5772F1BAFFC3B00F09B9C /* Release */ = {
			isa = XCBuildConfiguration;
			buildSettings = {
				ALWAYS_SEARCH_USER_PATHS = NO;
				CLANG_CXX_LANGUAGE_STANDARD = "gnu++0x";
				CLANG_CXX_LIBRARY = "libc++";
				CLANG_ENABLE_MODULES = YES;
				CLANG_ENABLE_OBJC_ARC = YES;
				CLANG_WARN_BOOL_CONVERSION = YES;
				CLANG_WARN_CONSTANT_CONVERSION = YES;
				CLANG_WARN_DIRECT_OBJC_ISA_USAGE = YES_ERROR;
				CLANG_WARN_EMPTY_BODY = YES;
				CLANG_WARN_ENUM_CONVERSION = YES;
				CLANG_WARN_INT_CONVERSION = YES;
				CLANG_WARN_OBJC_ROOT_CLASS = YES_ERROR;
				CLANG_WARN_UNREACHABLE_CODE = YES;
				CLANG_WARN__DUPLICATE_METHOD_MATCH = YES;
				"CODE_SIGN_IDENTITY[sdk=iphoneos*]" = "iPhone Developer";
				COPY_PHASE_STRIP = NO;
				DEBUG_INFORMATION_FORMAT = "dwarf-with-dsym";
				ENABLE_NS_ASSERTIONS = NO;
				ENABLE_STRICT_OBJC_MSGSEND = YES;
				GCC_C_LANGUAGE_STANDARD = gnu99;
				GCC_NO_COMMON_BLOCKS = YES;
				GCC_WARN_64_TO_32_BIT_CONVERSION = YES;
				GCC_WARN_ABOUT_RETURN_TYPE = YES_ERROR;
				GCC_WARN_UNDECLARED_SELECTOR = YES;
				GCC_WARN_UNINITIALIZED_AUTOS = YES_AGGRESSIVE;
				GCC_WARN_UNUSED_FUNCTION = YES;
				GCC_WARN_UNUSED_VARIABLE = YES;
				IPHONEOS_DEPLOYMENT_TARGET = 8.4;
				MTL_ENABLE_DEBUG_INFO = NO;
				SDKROOT = iphoneos;
				TARGETED_DEVICE_FAMILY = "1,2";
				VALIDATE_PRODUCT = YES;
			};
			name = Release;
		};
		B4B577311BAFFC3B00F09B9C /* Debug */ = {
			isa = XCBuildConfiguration;
			buildSettings = {
				ASSETCATALOG_COMPILER_APPICON_NAME = AppIcon;
				INFOPLIST_FILE = MaxLeapGit/Info.plist;
				LD_RUNPATH_SEARCH_PATHS = "$(inherited) @executable_path/Frameworks";
				PRODUCT_NAME = "$(TARGET_NAME)";
			};
			name = Debug;
		};
		B4B577321BAFFC3B00F09B9C /* Release */ = {
			isa = XCBuildConfiguration;
			buildSettings = {
				ASSETCATALOG_COMPILER_APPICON_NAME = AppIcon;
				INFOPLIST_FILE = MaxLeapGit/Info.plist;
				LD_RUNPATH_SEARCH_PATHS = "$(inherited) @executable_path/Frameworks";
				PRODUCT_NAME = "$(TARGET_NAME)";
			};
			name = Release;
		};
		B4B577341BAFFC3B00F09B9C /* Debug */ = {
			isa = XCBuildConfiguration;
			buildSettings = {
				BUNDLE_LOADER = "$(TEST_HOST)";
				FRAMEWORK_SEARCH_PATHS = (
					"$(SDKROOT)/Developer/Library/Frameworks",
					"$(inherited)",
				);
				GCC_PREPROCESSOR_DEFINITIONS = (
					"DEBUG=1",
					"$(inherited)",
				);
				INFOPLIST_FILE = MaxLeapGitTests/Info.plist;
				LD_RUNPATH_SEARCH_PATHS = "$(inherited) @executable_path/Frameworks @loader_path/Frameworks";
				PRODUCT_NAME = "$(TARGET_NAME)";
				TEST_HOST = "$(BUILT_PRODUCTS_DIR)/MaxLeapGit.app/MaxLeapGit";
			};
			name = Debug;
		};
		B4B577351BAFFC3B00F09B9C /* Release */ = {
			isa = XCBuildConfiguration;
			buildSettings = {
				BUNDLE_LOADER = "$(TEST_HOST)";
				FRAMEWORK_SEARCH_PATHS = (
					"$(SDKROOT)/Developer/Library/Frameworks",
					"$(inherited)",
				);
				INFOPLIST_FILE = MaxLeapGitTests/Info.plist;
				LD_RUNPATH_SEARCH_PATHS = "$(inherited) @executable_path/Frameworks @loader_path/Frameworks";
				PRODUCT_NAME = "$(TARGET_NAME)";
				TEST_HOST = "$(BUILT_PRODUCTS_DIR)/MaxLeapGit.app/MaxLeapGit";
			};
			name = Release;
		};
/* End XCBuildConfiguration section */

/* Begin XCConfigurationList section */
		B4B577081BAFFC3B00F09B9C /* Build configuration list for PBXProject "MaxLeapGit" */ = {
			isa = XCConfigurationList;
			buildConfigurations = (
				B4B5772E1BAFFC3B00F09B9C /* Debug */,
				B4B5772F1BAFFC3B00F09B9C /* Release */,
			);
			defaultConfigurationIsVisible = 0;
			defaultConfigurationName = Release;
		};
		B4B577301BAFFC3B00F09B9C /* Build configuration list for PBXNativeTarget "MaxLeapGit" */ = {
			isa = XCConfigurationList;
			buildConfigurations = (
				B4B577311BAFFC3B00F09B9C /* Debug */,
				B4B577321BAFFC3B00F09B9C /* Release */,
			);
			defaultConfigurationIsVisible = 0;
		};
		B4B577331BAFFC3B00F09B9C /* Build configuration list for PBXNativeTarget "MaxLeapGitTests" */ = {
			isa = XCConfigurationList;
			buildConfigurations = (
				B4B577341BAFFC3B00F09B9C /* Debug */,
				B4B577351BAFFC3B00F09B9C /* Release */,
			);
			defaultConfigurationIsVisible = 0;
		};
/* End XCConfigurationList section */
	};
	rootObject = B4B577051BAFFC3B00F09B9C /* Project object */;
}
